// !$*UTF8*$!
{
	archiveVersion = 1;
	classes = {
	};
	objectVersion = 48;
	objects = {

/* Begin PBXBuildFile section */
		C00E91322175E3F90004ED9F /* LiveCell.m in Sources */ = {isa = PBXBuildFile; fileRef = C00E912C2175E3F90004ED9F /* LiveCell.m */; };
		C00E91332175E3F90004ED9F /* LiveCell.xib in Resources */ = {isa = PBXBuildFile; fileRef = C00E912D2175E3F90004ED9F /* LiveCell.xib */; };
		C00E91342175E3F90004ED9F /* SUTableView.m in Sources */ = {isa = PBXBuildFile; fileRef = C00E912F2175E3F90004ED9F /* SUTableView.m */; };
		C00E91352175E3F90004ED9F /* SUTableViewInterceptor.m in Sources */ = {isa = PBXBuildFile; fileRef = C00E91312175E3F90004ED9F /* SUTableViewInterceptor.m */; };
		C00E913B2175EE5C0004ED9F /* UIButton+Add.m in Sources */ = {isa = PBXBuildFile; fileRef = C00E913A2175EE5C0004ED9F /* UIButton+Add.m */; };
		C00E913E2175F6510004ED9F /* NSObject+Add.m in Sources */ = {isa = PBXBuildFile; fileRef = C00E913D2175F6510004ED9F /* NSObject+Add.m */; };
		C00E914E2176E7790004ED9F /* UIDevice+Type.m in Sources */ = {isa = PBXBuildFile; fileRef = C00E914D2176E7790004ED9F /* UIDevice+Type.m */; };
		C010995B2179DCEA0039BD1D /* LWRoute.m in Sources */ = {isa = PBXBuildFile; fileRef = C010995A2179DCEA0039BD1D /* LWRoute.m */; };
		C010995E2179DD0F0039BD1D /* LWRouteRequest.m in Sources */ = {isa = PBXBuildFile; fileRef = C010995D2179DD0F0039BD1D /* LWRouteRequest.m */; };
		C010996A217A386C0039BD1D /* PresntViewController.m in Sources */ = {isa = PBXBuildFile; fileRef = C0109969217A386C0039BD1D /* PresntViewController.m */; };
		C010996D217A38750039BD1D /* PushAViewController.m in Sources */ = {isa = PBXBuildFile; fileRef = C010996C217A38750039BD1D /* PushAViewController.m */; };
		C0109970217A387E0039BD1D /* PushBViewController.m in Sources */ = {isa = PBXBuildFile; fileRef = C010996F217A387E0039BD1D /* PushBViewController.m */; };
		C0109973217A38950039BD1D /* RouteDisplayViewController.m in Sources */ = {isa = PBXBuildFile; fileRef = C0109972217A38950039BD1D /* RouteDisplayViewController.m */; };
		C012F0F9216C9CBB00E30DF5 /* ComponentViewController.m in Sources */ = {isa = PBXBuildFile; fileRef = C012F0F8216C9CBB00E30DF5 /* ComponentViewController.m */; };
		C012F104216CAC5C00E30DF5 /* test.html in Resources */ = {isa = PBXBuildFile; fileRef = C012F0FD216CAC5C00E30DF5 /* test.html */; };
		C012F105216CAC5C00E30DF5 /* WebBrigdeObjcViewController.m in Sources */ = {isa = PBXBuildFile; fileRef = C012F0FE216CAC5C00E30DF5 /* WebBrigdeObjcViewController.m */; };
		C012F106216CAC5C00E30DF5 /* test1.html in Resources */ = {isa = PBXBuildFile; fileRef = C012F0FF216CAC5C00E30DF5 /* test1.html */; };
		C012F107216CAC5C00E30DF5 /* LayerDrawInRectViewController.m in Sources */ = {isa = PBXBuildFile; fileRef = C012F103216CAC5C00E30DF5 /* LayerDrawInRectViewController.m */; };
		C012F10A216CAC7500E30DF5 /* MultithreadViewController.m in Sources */ = {isa = PBXBuildFile; fileRef = C012F109216CAC7500E30DF5 /* MultithreadViewController.m */; };
		C012F10E216CB06F00E30DF5 /* LWSerialQueueWaitsDownloadTask.m in Sources */ = {isa = PBXBuildFile; fileRef = C012F10D216CB06F00E30DF5 /* LWSerialQueueWaitsDownloadTask.m */; };
		C015FC282111862A009C8395 /* Resource in Resources */ = {isa = PBXBuildFile; fileRef = C015FC272111862A009C8395 /* Resource */; };
		C015FC2B2111B516009C8395 /* NSData+Extend.m in Sources */ = {isa = PBXBuildFile; fileRef = C015FC2A2111B516009C8395 /* NSData+Extend.m */; };
		C019C8C121145FB200C92750 /* GLViewController.mm in Sources */ = {isa = PBXBuildFile; fileRef = C019C8C021145FB200C92750 /* GLViewController.mm */; };
		C019C8CA21147EFF00C92750 /* GLView.mm in Sources */ = {isa = PBXBuildFile; fileRef = C019C8C921147EFF00C92750 /* GLView.mm */; };
		C019C8D5211496CE00C92750 /* libc++.tbd in Frameworks */ = {isa = PBXBuildFile; fileRef = C019C8D4211496CE00C92750 /* libc++.tbd */; };
		C019C8F121153D5100C92750 /* RenderingEngine1.cpp in Sources */ = {isa = PBXBuildFile; fileRef = C019C8F021153D5100C92750 /* RenderingEngine1.cpp */; };
		C0360F442119A226006381AD /* RenderingEngine2.cpp in Sources */ = {isa = PBXBuildFile; fileRef = C0360F432119A226006381AD /* RenderingEngine2.cpp */; };
		C0360F482119A329006381AD /* Simple.frag in Resources */ = {isa = PBXBuildFile; fileRef = C0360F462119A329006381AD /* Simple.frag */; };
		C0360F492119A329006381AD /* Simple.vert in Resources */ = {isa = PBXBuildFile; fileRef = C0360F472119A329006381AD /* Simple.vert */; };
		C0569D2F20D501E8003BDCF0 /* Main.storyboard in Resources */ = {isa = PBXBuildFile; fileRef = C0569D2D20D501E8003BDCF0 /* Main.storyboard */; };
		C0569D3420D501E8003BDCF0 /* LaunchScreen.storyboard in Resources */ = {isa = PBXBuildFile; fileRef = C0569D3220D501E8003BDCF0 /* LaunchScreen.storyboard */; };
		C0569D3720D501E8003BDCF0 /* main.m in Sources */ = {isa = PBXBuildFile; fileRef = C0569D3620D501E8003BDCF0 /* main.m */; };
		C0569D4120D501E8003BDCF0 /* spec_localProjectTests.m in Sources */ = {isa = PBXBuildFile; fileRef = C0569D4020D501E8003BDCF0 /* spec_localProjectTests.m */; };
		C0569D4C20D501E8003BDCF0 /* spec_localProjectUITests.m in Sources */ = {isa = PBXBuildFile; fileRef = C0569D4B20D501E8003BDCF0 /* spec_localProjectUITests.m */; };
		C064F0C8216E05A8005BAB1B /* ProjectAssets.xcassets in Resources */ = {isa = PBXBuildFile; fileRef = C064F0C7216E05A7005BAB1B /* ProjectAssets.xcassets */; };
		C073DC4B214CABC800BE32B2 /* DesignModeViewController.m in Sources */ = {isa = PBXBuildFile; fileRef = C073DC4A214CABC800BE32B2 /* DesignModeViewController.m */; };
		C073DC55214D463700BE32B2 /* UITableView+Extend.m in Sources */ = {isa = PBXBuildFile; fileRef = C073DC54214D463700BE32B2 /* UITableView+Extend.m */; };
		C073DC75214D642F00BE32B2 /* Factory.m in Sources */ = {isa = PBXBuildFile; fileRef = C073DC74214D642F00BE32B2 /* Factory.m */; };
		C073DC78214D64A600BE32B2 /* Pen.m in Sources */ = {isa = PBXBuildFile; fileRef = C073DC77214D64A600BE32B2 /* Pen.m */; };
		C073DC7B214D652800BE32B2 /* Pencil.m in Sources */ = {isa = PBXBuildFile; fileRef = C073DC7A214D652800BE32B2 /* Pencil.m */; };
		C073DC7E214D653800BE32B2 /* BallpointPen.m in Sources */ = {isa = PBXBuildFile; fileRef = C073DC7D214D653800BE32B2 /* BallpointPen.m */; };
		C073DC84214D6D8E00BE32B2 /* AbstractFactory.m in Sources */ = {isa = PBXBuildFile; fileRef = C073DC83214D6D8E00BE32B2 /* AbstractFactory.m */; };
		C073DC87214D6E9000BE32B2 /* RefrigeratorFactory.m in Sources */ = {isa = PBXBuildFile; fileRef = C073DC86214D6E9000BE32B2 /* RefrigeratorFactory.m */; };
		C073DC8A214D6EBD00BE32B2 /* MobilephoneFactory.m in Sources */ = {isa = PBXBuildFile; fileRef = C073DC89214D6EBD00BE32B2 /* MobilephoneFactory.m */; };
		C073DC90214D756100BE32B2 /* DesignModeViewController+Extend.m in Sources */ = {isa = PBXBuildFile; fileRef = C073DC8F214D756100BE32B2 /* DesignModeViewController+Extend.m */; };
		C073DC93214DE75F00BE32B2 /* BaseCopyObj.m in Sources */ = {isa = PBXBuildFile; fileRef = C073DC92214DE75F00BE32B2 /* BaseCopyObj.m */; };
		C073DC96214DE89400BE32B2 /* Student.m in Sources */ = {isa = PBXBuildFile; fileRef = C073DC95214DE89400BE32B2 /* Student.m */; };
		C073DC9C214DE8F600BE32B2 /* ClassModel.m in Sources */ = {isa = PBXBuildFile; fileRef = C073DC9B214DE8F600BE32B2 /* ClassModel.m */; };
		C073DC9F214DED2600BE32B2 /* ViewAdapter.m in Sources */ = {isa = PBXBuildFile; fileRef = C073DC9E214DED2600BE32B2 /* ViewAdapter.m */; };
		C073DCA5214DED6E00BE32B2 /* extModel.m in Sources */ = {isa = PBXBuildFile; fileRef = C073DCA4214DED6E00BE32B2 /* extModel.m */; };
		C073DCAB214DF05B00BE32B2 /* BigView.m in Sources */ = {isa = PBXBuildFile; fileRef = C073DCAA214DF05B00BE32B2 /* BigView.m */; };
		C073DCAE214DF28500BE32B2 /* SmallView.m in Sources */ = {isa = PBXBuildFile; fileRef = C073DCAD214DF28500BE32B2 /* SmallView.m */; };
		C07A09A8212160D200CD86CD /* CustomLayer.m in Sources */ = {isa = PBXBuildFile; fileRef = C07A09A7212160D200CD86CD /* CustomLayer.m */; };
		C07A09AB2122957900CD86CD /* CustomLayerBezierPath.m in Sources */ = {isa = PBXBuildFile; fileRef = C07A09AA2122957900CD86CD /* CustomLayerBezierPath.m */; };
		C095DF7B216C58880027A425 /* LWPageControl.m in Sources */ = {isa = PBXBuildFile; fileRef = C095DF7A216C58880027A425 /* LWPageControl.m */; };
		C0B41092214E102500124F80 /* FlowerFactory.m in Sources */ = {isa = PBXBuildFile; fileRef = C0B41091214E102500124F80 /* FlowerFactory.m */; };
		C0B41095214E102F00124F80 /* Flower.m in Sources */ = {isa = PBXBuildFile; fileRef = C0B41094214E102F00124F80 /* Flower.m */; };
		C0B41098214E14D100124F80 /* CompositePatternViewController.m in Sources */ = {isa = PBXBuildFile; fileRef = C0B41096214E14D100124F80 /* CompositePatternViewController.m */; };
		C0B4109F214E150200124F80 /* File.m in Sources */ = {isa = PBXBuildFile; fileRef = C0B41099214E150100124F80 /* File.m */; };
		C0B410A0214E150200124F80 /* FileViewController.m in Sources */ = {isa = PBXBuildFile; fileRef = C0B4109A214E150100124F80 /* FileViewController.m */; };
		C0B410A1214E150200124F80 /* FileCell.m in Sources */ = {isa = PBXBuildFile; fileRef = C0B4109B214E150100124F80 /* FileCell.m */; };
		C0B410A4214E1DCD00124F80 /* AppDelegate+Extend.m in Sources */ = {isa = PBXBuildFile; fileRef = C0B410A3214E1DCD00124F80 /* AppDelegate+Extend.m */; };
		C0B410A6214E248900124F80 /* 24中编程设计模式.pdf in Resources */ = {isa = PBXBuildFile; fileRef = C0B410A5214E248900124F80 /* 24中编程设计模式.pdf */; };
		C0B410B5214E274F00124F80 /* AirConditioner.m in Sources */ = {isa = PBXBuildFile; fileRef = C0B410A9214E274F00124F80 /* AirConditioner.m */; };
		C0B410B6214E274F00124F80 /* GeliAirConditioner.m in Sources */ = {isa = PBXBuildFile; fileRef = C0B410AB214E274F00124F80 /* GeliAirConditioner.m */; };
		C0B410B7214E274F00124F80 /* HaierAirConditioner.m in Sources */ = {isa = PBXBuildFile; fileRef = C0B410AD214E274F00124F80 /* HaierAirConditioner.m */; };
		C0B410B8214E274F00124F80 /* DirectionRemote.m in Sources */ = {isa = PBXBuildFile; fileRef = C0B410B0214E274F00124F80 /* DirectionRemote.m */; };
		C0B410B9214E274F00124F80 /* Remote.m in Sources */ = {isa = PBXBuildFile; fileRef = C0B410B2214E274F00124F80 /* Remote.m */; };
		C0B410BA214E274F00124F80 /* TemperatureRemote.m in Sources */ = {isa = PBXBuildFile; fileRef = C0B410B4214E274F00124F80 /* TemperatureRemote.m */; };
		C0B410C7214E295000124F80 /* OperationSubStract.m in Sources */ = {isa = PBXBuildFile; fileRef = C0B410C0214E295000124F80 /* OperationSubStract.m */; };
		C0B410C8214E295000124F80 /* Context.m in Sources */ = {isa = PBXBuildFile; fileRef = C0B410C1214E295000124F80 /* Context.m */; };
		C0B410C9214E295000124F80 /* OperationMultiply.m in Sources */ = {isa = PBXBuildFile; fileRef = C0B410C3214E295000124F80 /* OperationMultiply.m */; };
		C0B410CA214E295000124F80 /* OperationAdd.m in Sources */ = {isa = PBXBuildFile; fileRef = C0B410C4214E295000124F80 /* OperationAdd.m */; };
		C0B410D4214E2E8E00124F80 /* DarkerCommand.m in Sources */ = {isa = PBXBuildFile; fileRef = C0B410CC214E2E8D00124F80 /* DarkerCommand.m */; };
		C0B410D5214E2E8E00124F80 /* Invoker.m in Sources */ = {isa = PBXBuildFile; fileRef = C0B410CE214E2E8D00124F80 /* Invoker.m */; };
		C0B410D6214E2E8E00124F80 /* LighterCommand.m in Sources */ = {isa = PBXBuildFile; fileRef = C0B410CF214E2E8D00124F80 /* LighterCommand.m */; };
		C0B410D7214E2E8E00124F80 /* Receiver.m in Sources */ = {isa = PBXBuildFile; fileRef = C0B410D1214E2E8D00124F80 /* Receiver.m */; };
		C0B410DB214E3D8C00124F80 /* SubscibeCenter.m in Sources */ = {isa = PBXBuildFile; fileRef = C0B410DA214E3D8C00124F80 /* SubscibeCenter.m */; };
		C0B410E4214E432300124F80 /* Mediator.m in Sources */ = {isa = PBXBuildFile; fileRef = C0B410DC214E432200124F80 /* Mediator.m */; };
		C0B410E5214E432300124F80 /* ConcreteMediator.m in Sources */ = {isa = PBXBuildFile; fileRef = C0B410DD214E432200124F80 /* ConcreteMediator.m */; };
		C0B410E6214E432300124F80 /* Colleague.m in Sources */ = {isa = PBXBuildFile; fileRef = C0B410DF214E432200124F80 /* Colleague.m */; };
		C0B410E7214E432300124F80 /* ConcreteColleague.m in Sources */ = {isa = PBXBuildFile; fileRef = C0B410E3214E432300124F80 /* ConcreteColleague.m */; };
		C0B410F2214E450700124F80 /* ChairmanHandler.m in Sources */ = {isa = PBXBuildFile; fileRef = C0B410E9214E450600124F80 /* ChairmanHandler.m */; };
		C0B410F3214E450700124F80 /* GroupLeaderHandler.m in Sources */ = {isa = PBXBuildFile; fileRef = C0B410EB214E450600124F80 /* GroupLeaderHandler.m */; };
		C0B410F4214E450700124F80 /* Order.m in Sources */ = {isa = PBXBuildFile; fileRef = C0B410EF214E450700124F80 /* Order.m */; };
		C0B410F5214E450700124F80 /* ManagerHandler.m in Sources */ = {isa = PBXBuildFile; fileRef = C0B410F0214E450700124F80 /* ManagerHandler.m */; };
		C0B410F6214E450700124F80 /* Handler.m in Sources */ = {isa = PBXBuildFile; fileRef = C0B410F1214E450700124F80 /* Handler.m */; };
		C0EB10FE2150B19F0086A4F9 /* JavaScriptCore.framework in Frameworks */ = {isa = PBXBuildFile; fileRef = C0EB10FD2150B19F0086A4F9 /* JavaScriptCore.framework */; };
		C0EE284F210E12780077A345 /* BGAlertView+BGAdd.m in Sources */ = {isa = PBXBuildFile; fileRef = C0EE284D210E12780077A345 /* BGAlertView+BGAdd.m */; };
		C0EE2853210E12970077A345 /* AppDelegate.m in Sources */ = {isa = PBXBuildFile; fileRef = C0569D2820D501E8003BDCF0 /* AppDelegate.m */; };
		C0EE2855210E12BB0077A345 /* ViewController.m in Sources */ = {isa = PBXBuildFile; fileRef = C0569D2B20D501E8003BDCF0 /* ViewController.m */; };
		C0EE2859210E12DF0077A345 /* ResponderViewController.m in Sources */ = {isa = PBXBuildFile; fileRef = C0EE2858210E12DF0077A345 /* ResponderViewController.m */; };
		C0EE2860210E164A0077A345 /* BaseViewController.m in Sources */ = {isa = PBXBuildFile; fileRef = C0EE285F210E164A0077A345 /* BaseViewController.m */; };
		C0EE2867210E19350077A345 /* NSString+Extend.m in Sources */ = {isa = PBXBuildFile; fileRef = C0EE2866210E19350077A345 /* NSString+Extend.m */; };
		CE6D18ED699D56FF69699D48 /* libPods-spec_localProject.a in Frameworks */ = {isa = PBXBuildFile; fileRef = A8B1BB9BCE500DE94CC45E19 /* libPods-spec_localProject.a */; };
/* End PBXBuildFile section */

/* Begin PBXContainerItemProxy section */
		C0569D3D20D501E8003BDCF0 /* PBXContainerItemProxy */ = {
			isa = PBXContainerItemProxy;
			containerPortal = C0569D1C20D501E8003BDCF0 /* Project object */;
			proxyType = 1;
			remoteGlobalIDString = C0569D2320D501E8003BDCF0;
			remoteInfo = spec_localProject;
		};
		C0569D4820D501E8003BDCF0 /* PBXContainerItemProxy */ = {
			isa = PBXContainerItemProxy;
			containerPortal = C0569D1C20D501E8003BDCF0 /* Project object */;
			proxyType = 1;
			remoteGlobalIDString = C0569D2320D501E8003BDCF0;
			remoteInfo = spec_localProject;
		};
/* End PBXContainerItemProxy section */

/* Begin PBXFileReference section */
		A8B1BB9BCE500DE94CC45E19 /* libPods-spec_localProject.a */ = {isa = PBXFileReference; explicitFileType = archive.ar; includeInIndex = 0; path = "libPods-spec_localProject.a"; sourceTree = BUILT_PRODUCTS_DIR; };
		C00E912B2175E3F90004ED9F /* LiveCell.h */ = {isa = PBXFileReference; fileEncoding = 4; lastKnownFileType = sourcecode.c.h; path = LiveCell.h; sourceTree = "<group>"; };
		C00E912C2175E3F90004ED9F /* LiveCell.m */ = {isa = PBXFileReference; fileEncoding = 4; lastKnownFileType = sourcecode.c.objc; path = LiveCell.m; sourceTree = "<group>"; };
		C00E912D2175E3F90004ED9F /* LiveCell.xib */ = {isa = PBXFileReference; fileEncoding = 4; lastKnownFileType = file.xib; path = LiveCell.xib; sourceTree = "<group>"; };
		C00E912E2175E3F90004ED9F /* SUTableView.h */ = {isa = PBXFileReference; fileEncoding = 4; lastKnownFileType = sourcecode.c.h; path = SUTableView.h; sourceTree = "<group>"; };
		C00E912F2175E3F90004ED9F /* SUTableView.m */ = {isa = PBXFileReference; fileEncoding = 4; lastKnownFileType = sourcecode.c.objc; path = SUTableView.m; sourceTree = "<group>"; };
		C00E91302175E3F90004ED9F /* SUTableViewInterceptor.h */ = {isa = PBXFileReference; fileEncoding = 4; lastKnownFileType = sourcecode.c.h; path = SUTableViewInterceptor.h; sourceTree = "<group>"; };
		C00E91312175E3F90004ED9F /* SUTableViewInterceptor.m */ = {isa = PBXFileReference; fileEncoding = 4; lastKnownFileType = sourcecode.c.objc; path = SUTableViewInterceptor.m; sourceTree = "<group>"; };
		C00E91392175EE5C0004ED9F /* UIButton+Add.h */ = {isa = PBXFileReference; lastKnownFileType = sourcecode.c.h; path = "UIButton+Add.h"; sourceTree = "<group>"; };
		C00E913A2175EE5C0004ED9F /* UIButton+Add.m */ = {isa = PBXFileReference; lastKnownFileType = sourcecode.c.objc; path = "UIButton+Add.m"; sourceTree = "<group>"; };
		C00E913C2175F6510004ED9F /* NSObject+Add.h */ = {isa = PBXFileReference; lastKnownFileType = sourcecode.c.h; path = "NSObject+Add.h"; sourceTree = "<group>"; };
		C00E913D2175F6510004ED9F /* NSObject+Add.m */ = {isa = PBXFileReference; lastKnownFileType = sourcecode.c.objc; path = "NSObject+Add.m"; sourceTree = "<group>"; };
		C00E914C2176E7790004ED9F /* UIDevice+Type.h */ = {isa = PBXFileReference; lastKnownFileType = sourcecode.c.h; path = "UIDevice+Type.h"; sourceTree = "<group>"; };
		C00E914D2176E7790004ED9F /* UIDevice+Type.m */ = {isa = PBXFileReference; lastKnownFileType = sourcecode.c.objc; path = "UIDevice+Type.m"; sourceTree = "<group>"; };
		C01099592179DCEA0039BD1D /* LWRoute.h */ = {isa = PBXFileReference; lastKnownFileType = sourcecode.c.h; path = LWRoute.h; sourceTree = "<group>"; };
		C010995A2179DCEA0039BD1D /* LWRoute.m */ = {isa = PBXFileReference; lastKnownFileType = sourcecode.c.objc; path = LWRoute.m; sourceTree = "<group>"; };
		C010995C2179DD0F0039BD1D /* LWRouteRequest.h */ = {isa = PBXFileReference; lastKnownFileType = sourcecode.c.h; path = LWRouteRequest.h; sourceTree = "<group>"; };
		C010995D2179DD0F0039BD1D /* LWRouteRequest.m */ = {isa = PBXFileReference; lastKnownFileType = sourcecode.c.objc; path = LWRouteRequest.m; sourceTree = "<group>"; };
		C010995F2179DF150039BD1D /* LWRouteHandle.h */ = {isa = PBXFileReference; lastKnownFileType = sourcecode.c.h; path = LWRouteHandle.h; sourceTree = "<group>"; };
		C0109963217A37090039BD1D /* LWJSONRoute.h */ = {isa = PBXFileReference; lastKnownFileType = sourcecode.c.h; path = LWJSONRoute.h; sourceTree = "<group>"; };
		C0109968217A386C0039BD1D /* PresntViewController.h */ = {isa = PBXFileReference; lastKnownFileType = sourcecode.c.h; path = PresntViewController.h; sourceTree = "<group>"; };
		C0109969217A386C0039BD1D /* PresntViewController.m */ = {isa = PBXFileReference; lastKnownFileType = sourcecode.c.objc; path = PresntViewController.m; sourceTree = "<group>"; };
		C010996B217A38750039BD1D /* PushAViewController.h */ = {isa = PBXFileReference; lastKnownFileType = sourcecode.c.h; path = PushAViewController.h; sourceTree = "<group>"; };
		C010996C217A38750039BD1D /* PushAViewController.m */ = {isa = PBXFileReference; lastKnownFileType = sourcecode.c.objc; path = PushAViewController.m; sourceTree = "<group>"; };
		C010996E217A387E0039BD1D /* PushBViewController.h */ = {isa = PBXFileReference; lastKnownFileType = sourcecode.c.h; path = PushBViewController.h; sourceTree = "<group>"; };
		C010996F217A387E0039BD1D /* PushBViewController.m */ = {isa = PBXFileReference; lastKnownFileType = sourcecode.c.objc; path = PushBViewController.m; sourceTree = "<group>"; };
		C0109971217A38950039BD1D /* RouteDisplayViewController.h */ = {isa = PBXFileReference; lastKnownFileType = sourcecode.c.h; path = RouteDisplayViewController.h; sourceTree = "<group>"; };
		C0109972217A38950039BD1D /* RouteDisplayViewController.m */ = {isa = PBXFileReference; lastKnownFileType = sourcecode.c.objc; path = RouteDisplayViewController.m; sourceTree = "<group>"; };
		C012F0F7216C9CBB00E30DF5 /* ComponentViewController.h */ = {isa = PBXFileReference; lastKnownFileType = sourcecode.c.h; path = ComponentViewController.h; sourceTree = "<group>"; };
		C012F0F8216C9CBB00E30DF5 /* ComponentViewController.m */ = {isa = PBXFileReference; lastKnownFileType = sourcecode.c.objc; path = ComponentViewController.m; sourceTree = "<group>"; wrapsLines = 1; };
		C012F0FC216CAC5C00E30DF5 /* WebBrigdeObjcViewController.h */ = {isa = PBXFileReference; fileEncoding = 4; lastKnownFileType = sourcecode.c.h; path = WebBrigdeObjcViewController.h; sourceTree = "<group>"; };
		C012F0FD216CAC5C00E30DF5 /* test.html */ = {isa = PBXFileReference; fileEncoding = 4; lastKnownFileType = text.html; path = test.html; sourceTree = "<group>"; };
		C012F0FE216CAC5C00E30DF5 /* WebBrigdeObjcViewController.m */ = {isa = PBXFileReference; fileEncoding = 4; lastKnownFileType = sourcecode.c.objc; path = WebBrigdeObjcViewController.m; sourceTree = "<group>"; };
		C012F0FF216CAC5C00E30DF5 /* test1.html */ = {isa = PBXFileReference; fileEncoding = 4; lastKnownFileType = text.html; path = test1.html; sourceTree = "<group>"; };
		C012F102216CAC5C00E30DF5 /* LayerDrawInRectViewController.h */ = {isa = PBXFileReference; fileEncoding = 4; lastKnownFileType = sourcecode.c.h; path = LayerDrawInRectViewController.h; sourceTree = "<group>"; };
		C012F103216CAC5C00E30DF5 /* LayerDrawInRectViewController.m */ = {isa = PBXFileReference; fileEncoding = 4; lastKnownFileType = sourcecode.c.objc; path = LayerDrawInRectViewController.m; sourceTree = "<group>"; };
		C012F108216CAC7500E30DF5 /* MultithreadViewController.h */ = {isa = PBXFileReference; lastKnownFileType = sourcecode.c.h; path = MultithreadViewController.h; sourceTree = "<group>"; };
		C012F109216CAC7500E30DF5 /* MultithreadViewController.m */ = {isa = PBXFileReference; lastKnownFileType = sourcecode.c.objc; path = MultithreadViewController.m; sourceTree = "<group>"; };
		C012F10C216CB06F00E30DF5 /* LWSerialQueueWaitsDownloadTask.h */ = {isa = PBXFileReference; lastKnownFileType = sourcecode.c.h; path = LWSerialQueueWaitsDownloadTask.h; sourceTree = "<group>"; };
		C012F10D216CB06F00E30DF5 /* LWSerialQueueWaitsDownloadTask.m */ = {isa = PBXFileReference; lastKnownFileType = sourcecode.c.objc; path = LWSerialQueueWaitsDownloadTask.m; sourceTree = "<group>"; };
		C015FC272111862A009C8395 /* Resource */ = {isa = PBXFileReference; lastKnownFileType = folder; path = Resource; sourceTree = "<group>"; };
		C015FC292111B516009C8395 /* NSData+Extend.h */ = {isa = PBXFileReference; lastKnownFileType = sourcecode.c.h; path = "NSData+Extend.h"; sourceTree = "<group>"; };
		C015FC2A2111B516009C8395 /* NSData+Extend.m */ = {isa = PBXFileReference; lastKnownFileType = sourcecode.c.objc; path = "NSData+Extend.m"; sourceTree = "<group>"; };
		C019C8BF21145FB200C92750 /* GLViewController.h */ = {isa = PBXFileReference; lastKnownFileType = sourcecode.c.h; path = GLViewController.h; sourceTree = "<group>"; };
		C019C8C021145FB200C92750 /* GLViewController.mm */ = {isa = PBXFileReference; lastKnownFileType = sourcecode.cpp.objcpp; path = GLViewController.mm; sourceTree = "<group>"; };
		C019C8C821147EFF00C92750 /* GLView.h */ = {isa = PBXFileReference; lastKnownFileType = sourcecode.c.h; path = GLView.h; sourceTree = "<group>"; };
		C019C8C921147EFF00C92750 /* GLView.mm */ = {isa = PBXFileReference; lastKnownFileType = sourcecode.cpp.objcpp; path = GLView.mm; sourceTree = "<group>"; };
		C019C8D4211496CE00C92750 /* libc++.tbd */ = {isa = PBXFileReference; lastKnownFileType = "sourcecode.text-based-dylib-definition"; name = "libc++.tbd"; path = "usr/lib/libc++.tbd"; sourceTree = SDKROOT; };
		C019C8EF21153D5100C92750 /* IRenderingEngine.hpp */ = {isa = PBXFileReference; fileEncoding = 4; lastKnownFileType = sourcecode.cpp.h; path = IRenderingEngine.hpp; sourceTree = "<group>"; };
		C019C8F021153D5100C92750 /* RenderingEngine1.cpp */ = {isa = PBXFileReference; fileEncoding = 4; lastKnownFileType = sourcecode.cpp.cpp; path = RenderingEngine1.cpp; sourceTree = "<group>"; };
		C0360F432119A226006381AD /* RenderingEngine2.cpp */ = {isa = PBXFileReference; lastKnownFileType = sourcecode.cpp.cpp; path = RenderingEngine2.cpp; sourceTree = "<group>"; };
		C0360F462119A329006381AD /* Simple.frag */ = {isa = PBXFileReference; fileEncoding = 4; lastKnownFileType = sourcecode.glsl; path = Simple.frag; sourceTree = "<group>"; };
		C0360F472119A329006381AD /* Simple.vert */ = {isa = PBXFileReference; fileEncoding = 4; lastKnownFileType = sourcecode.glsl; path = Simple.vert; sourceTree = "<group>"; };
		C0569D2420D501E8003BDCF0 /* spec_localProject.app */ = {isa = PBXFileReference; explicitFileType = wrapper.application; includeInIndex = 0; path = spec_localProject.app; sourceTree = BUILT_PRODUCTS_DIR; };
		C0569D2720D501E8003BDCF0 /* AppDelegate.h */ = {isa = PBXFileReference; lastKnownFileType = sourcecode.c.h; path = AppDelegate.h; sourceTree = "<group>"; };
		C0569D2820D501E8003BDCF0 /* AppDelegate.m */ = {isa = PBXFileReference; lastKnownFileType = sourcecode.c.objc; path = AppDelegate.m; sourceTree = "<group>"; };
		C0569D2A20D501E8003BDCF0 /* ViewController.h */ = {isa = PBXFileReference; lastKnownFileType = sourcecode.c.h; path = ViewController.h; sourceTree = "<group>"; };
		C0569D2B20D501E8003BDCF0 /* ViewController.m */ = {isa = PBXFileReference; lastKnownFileType = sourcecode.c.objc; path = ViewController.m; sourceTree = "<group>"; };
		C0569D2E20D501E8003BDCF0 /* Base */ = {isa = PBXFileReference; lastKnownFileType = file.storyboard; name = Base; path = Base.lproj/Main.storyboard; sourceTree = "<group>"; };
		C0569D3320D501E8003BDCF0 /* Base */ = {isa = PBXFileReference; lastKnownFileType = file.storyboard; name = Base; path = Base.lproj/LaunchScreen.storyboard; sourceTree = "<group>"; };
		C0569D3520D501E8003BDCF0 /* Info.plist */ = {isa = PBXFileReference; lastKnownFileType = text.plist.xml; path = Info.plist; sourceTree = "<group>"; };
		C0569D3620D501E8003BDCF0 /* main.m */ = {isa = PBXFileReference; lastKnownFileType = sourcecode.c.objc; path = main.m; sourceTree = "<group>"; };
		C0569D3C20D501E8003BDCF0 /* spec_localProjectTests.xctest */ = {isa = PBXFileReference; explicitFileType = wrapper.cfbundle; includeInIndex = 0; path = spec_localProjectTests.xctest; sourceTree = BUILT_PRODUCTS_DIR; };
		C0569D4020D501E8003BDCF0 /* spec_localProjectTests.m */ = {isa = PBXFileReference; lastKnownFileType = sourcecode.c.objc; path = spec_localProjectTests.m; sourceTree = "<group>"; };
		C0569D4220D501E8003BDCF0 /* Info.plist */ = {isa = PBXFileReference; lastKnownFileType = text.plist.xml; path = Info.plist; sourceTree = "<group>"; };
		C0569D4720D501E8003BDCF0 /* spec_localProjectUITests.xctest */ = {isa = PBXFileReference; explicitFileType = wrapper.cfbundle; includeInIndex = 0; path = spec_localProjectUITests.xctest; sourceTree = BUILT_PRODUCTS_DIR; };
		C0569D4B20D501E8003BDCF0 /* spec_localProjectUITests.m */ = {isa = PBXFileReference; lastKnownFileType = sourcecode.c.objc; path = spec_localProjectUITests.m; sourceTree = "<group>"; };
		C0569D4D20D501E8003BDCF0 /* Info.plist */ = {isa = PBXFileReference; lastKnownFileType = text.plist.xml; path = Info.plist; sourceTree = "<group>"; };
		C064F0C7216E05A7005BAB1B /* ProjectAssets.xcassets */ = {isa = PBXFileReference; lastKnownFileType = folder.assetcatalog; path = ProjectAssets.xcassets; sourceTree = "<group>"; };
		C073DC49214CABC800BE32B2 /* DesignModeViewController.h */ = {isa = PBXFileReference; lastKnownFileType = sourcecode.c.h; path = DesignModeViewController.h; sourceTree = "<group>"; };
		C073DC4A214CABC800BE32B2 /* DesignModeViewController.m */ = {isa = PBXFileReference; lastKnownFileType = sourcecode.c.objc; path = DesignModeViewController.m; sourceTree = "<group>"; };
		C073DC4C214CACF700BE32B2 /* BaseDelegate.h */ = {isa = PBXFileReference; lastKnownFileType = sourcecode.c.h; path = BaseDelegate.h; sourceTree = "<group>"; };
		C073DC53214D463700BE32B2 /* UITableView+Extend.h */ = {isa = PBXFileReference; lastKnownFileType = sourcecode.c.h; path = "UITableView+Extend.h"; sourceTree = "<group>"; };
		C073DC54214D463700BE32B2 /* UITableView+Extend.m */ = {isa = PBXFileReference; lastKnownFileType = sourcecode.c.objc; path = "UITableView+Extend.m"; sourceTree = "<group>"; };
		C073DC73214D642F00BE32B2 /* Factory.h */ = {isa = PBXFileReference; lastKnownFileType = sourcecode.c.h; path = Factory.h; sourceTree = "<group>"; };
		C073DC74214D642F00BE32B2 /* Factory.m */ = {isa = PBXFileReference; lastKnownFileType = sourcecode.c.objc; path = Factory.m; sourceTree = "<group>"; };
		C073DC76214D64A600BE32B2 /* Pen.h */ = {isa = PBXFileReference; lastKnownFileType = sourcecode.c.h; path = Pen.h; sourceTree = "<group>"; };
		C073DC77214D64A600BE32B2 /* Pen.m */ = {isa = PBXFileReference; lastKnownFileType = sourcecode.c.objc; path = Pen.m; sourceTree = "<group>"; };
		C073DC79214D652800BE32B2 /* Pencil.h */ = {isa = PBXFileReference; lastKnownFileType = sourcecode.c.h; path = Pencil.h; sourceTree = "<group>"; };
		C073DC7A214D652800BE32B2 /* Pencil.m */ = {isa = PBXFileReference; lastKnownFileType = sourcecode.c.objc; path = Pencil.m; sourceTree = "<group>"; };
		C073DC7C214D653800BE32B2 /* BallpointPen.h */ = {isa = PBXFileReference; lastKnownFileType = sourcecode.c.h; path = BallpointPen.h; sourceTree = "<group>"; };
		C073DC7D214D653800BE32B2 /* BallpointPen.m */ = {isa = PBXFileReference; lastKnownFileType = sourcecode.c.objc; path = BallpointPen.m; sourceTree = "<group>"; };
		C073DC82214D6D8E00BE32B2 /* AbstractFactory.h */ = {isa = PBXFileReference; lastKnownFileType = sourcecode.c.h; path = AbstractFactory.h; sourceTree = "<group>"; };
		C073DC83214D6D8E00BE32B2 /* AbstractFactory.m */ = {isa = PBXFileReference; lastKnownFileType = sourcecode.c.objc; path = AbstractFactory.m; sourceTree = "<group>"; };
		C073DC85214D6E9000BE32B2 /* RefrigeratorFactory.h */ = {isa = PBXFileReference; lastKnownFileType = sourcecode.c.h; path = RefrigeratorFactory.h; sourceTree = "<group>"; };
		C073DC86214D6E9000BE32B2 /* RefrigeratorFactory.m */ = {isa = PBXFileReference; lastKnownFileType = sourcecode.c.objc; path = RefrigeratorFactory.m; sourceTree = "<group>"; };
		C073DC88214D6EBD00BE32B2 /* MobilephoneFactory.h */ = {isa = PBXFileReference; lastKnownFileType = sourcecode.c.h; path = MobilephoneFactory.h; sourceTree = "<group>"; };
		C073DC89214D6EBD00BE32B2 /* MobilephoneFactory.m */ = {isa = PBXFileReference; lastKnownFileType = sourcecode.c.objc; path = MobilephoneFactory.m; sourceTree = "<group>"; };
		C073DC8E214D756100BE32B2 /* DesignModeViewController+Extend.h */ = {isa = PBXFileReference; lastKnownFileType = sourcecode.c.h; path = "DesignModeViewController+Extend.h"; sourceTree = "<group>"; };
		C073DC8F214D756100BE32B2 /* DesignModeViewController+Extend.m */ = {isa = PBXFileReference; lastKnownFileType = sourcecode.c.objc; path = "DesignModeViewController+Extend.m"; sourceTree = "<group>"; };
		C073DC91214DE75F00BE32B2 /* BaseCopyObj.h */ = {isa = PBXFileReference; lastKnownFileType = sourcecode.c.h; path = BaseCopyObj.h; sourceTree = "<group>"; };
		C073DC92214DE75F00BE32B2 /* BaseCopyObj.m */ = {isa = PBXFileReference; lastKnownFileType = sourcecode.c.objc; path = BaseCopyObj.m; sourceTree = "<group>"; };
		C073DC94214DE89400BE32B2 /* Student.h */ = {isa = PBXFileReference; lastKnownFileType = sourcecode.c.h; path = Student.h; sourceTree = "<group>"; };
		C073DC95214DE89400BE32B2 /* Student.m */ = {isa = PBXFileReference; lastKnownFileType = sourcecode.c.objc; path = Student.m; sourceTree = "<group>"; };
		C073DC9A214DE8F600BE32B2 /* ClassModel.h */ = {isa = PBXFileReference; lastKnownFileType = sourcecode.c.h; path = ClassModel.h; sourceTree = "<group>"; };
		C073DC9B214DE8F600BE32B2 /* ClassModel.m */ = {isa = PBXFileReference; lastKnownFileType = sourcecode.c.objc; path = ClassModel.m; sourceTree = "<group>"; };
		C073DC9D214DED2600BE32B2 /* ViewAdapter.h */ = {isa = PBXFileReference; lastKnownFileType = sourcecode.c.h; path = ViewAdapter.h; sourceTree = "<group>"; };
		C073DC9E214DED2600BE32B2 /* ViewAdapter.m */ = {isa = PBXFileReference; lastKnownFileType = sourcecode.c.objc; path = ViewAdapter.m; sourceTree = "<group>"; };
		C073DCA3214DED6E00BE32B2 /* extModel.h */ = {isa = PBXFileReference; lastKnownFileType = sourcecode.c.h; path = extModel.h; sourceTree = "<group>"; };
		C073DCA4214DED6E00BE32B2 /* extModel.m */ = {isa = PBXFileReference; lastKnownFileType = sourcecode.c.objc; path = extModel.m; sourceTree = "<group>"; };
		C073DCA9214DF05B00BE32B2 /* BigView.h */ = {isa = PBXFileReference; lastKnownFileType = sourcecode.c.h; path = BigView.h; sourceTree = "<group>"; };
		C073DCAA214DF05B00BE32B2 /* BigView.m */ = {isa = PBXFileReference; lastKnownFileType = sourcecode.c.objc; path = BigView.m; sourceTree = "<group>"; };
		C073DCAC214DF28500BE32B2 /* SmallView.h */ = {isa = PBXFileReference; lastKnownFileType = sourcecode.c.h; path = SmallView.h; sourceTree = "<group>"; };
		C073DCAD214DF28500BE32B2 /* SmallView.m */ = {isa = PBXFileReference; lastKnownFileType = sourcecode.c.objc; path = SmallView.m; sourceTree = "<group>"; };
		C07A09A6212160D200CD86CD /* CustomLayer.h */ = {isa = PBXFileReference; lastKnownFileType = sourcecode.c.h; path = CustomLayer.h; sourceTree = "<group>"; };
		C07A09A7212160D200CD86CD /* CustomLayer.m */ = {isa = PBXFileReference; lastKnownFileType = sourcecode.c.objc; path = CustomLayer.m; sourceTree = "<group>"; };
		C07A09A92122957900CD86CD /* CustomLayerBezierPath.h */ = {isa = PBXFileReference; lastKnownFileType = sourcecode.c.h; path = CustomLayerBezierPath.h; sourceTree = "<group>"; };
		C07A09AA2122957900CD86CD /* CustomLayerBezierPath.m */ = {isa = PBXFileReference; lastKnownFileType = sourcecode.c.objc; path = CustomLayerBezierPath.m; sourceTree = "<group>"; };
		C095DF79216C58880027A425 /* LWPageControl.h */ = {isa = PBXFileReference; lastKnownFileType = sourcecode.c.h; path = LWPageControl.h; sourceTree = "<group>"; };
		C095DF7A216C58880027A425 /* LWPageControl.m */ = {isa = PBXFileReference; lastKnownFileType = sourcecode.c.objc; path = LWPageControl.m; sourceTree = "<group>"; };
		C0B41090214E102500124F80 /* FlowerFactory.h */ = {isa = PBXFileReference; lastKnownFileType = sourcecode.c.h; path = FlowerFactory.h; sourceTree = "<group>"; };
		C0B41091214E102500124F80 /* FlowerFactory.m */ = {isa = PBXFileReference; lastKnownFileType = sourcecode.c.objc; path = FlowerFactory.m; sourceTree = "<group>"; };
		C0B41093214E102E00124F80 /* Flower.h */ = {isa = PBXFileReference; lastKnownFileType = sourcecode.c.h; path = Flower.h; sourceTree = "<group>"; };
		C0B41094214E102F00124F80 /* Flower.m */ = {isa = PBXFileReference; lastKnownFileType = sourcecode.c.objc; path = Flower.m; sourceTree = "<group>"; };
		C0B41096214E14D100124F80 /* CompositePatternViewController.m */ = {isa = PBXFileReference; fileEncoding = 4; lastKnownFileType = sourcecode.c.objc; path = CompositePatternViewController.m; sourceTree = "<group>"; };
		C0B41097214E14D100124F80 /* CompositePatternViewController.h */ = {isa = PBXFileReference; fileEncoding = 4; lastKnownFileType = sourcecode.c.h; path = CompositePatternViewController.h; sourceTree = "<group>"; };
		C0B41099214E150100124F80 /* File.m */ = {isa = PBXFileReference; fileEncoding = 4; lastKnownFileType = sourcecode.c.objc; path = File.m; sourceTree = "<group>"; };
		C0B4109A214E150100124F80 /* FileViewController.m */ = {isa = PBXFileReference; fileEncoding = 4; lastKnownFileType = sourcecode.c.objc; path = FileViewController.m; sourceTree = "<group>"; };
		C0B4109B214E150100124F80 /* FileCell.m */ = {isa = PBXFileReference; fileEncoding = 4; lastKnownFileType = sourcecode.c.objc; path = FileCell.m; sourceTree = "<group>"; };
		C0B4109C214E150100124F80 /* File.h */ = {isa = PBXFileReference; fileEncoding = 4; lastKnownFileType = sourcecode.c.h; path = File.h; sourceTree = "<group>"; };
		C0B4109D214E150100124F80 /* FileCell.h */ = {isa = PBXFileReference; fileEncoding = 4; lastKnownFileType = sourcecode.c.h; path = FileCell.h; sourceTree = "<group>"; };
		C0B4109E214E150200124F80 /* FileViewController.h */ = {isa = PBXFileReference; fileEncoding = 4; lastKnownFileType = sourcecode.c.h; path = FileViewController.h; sourceTree = "<group>"; };
		C0B410A2214E1DCD00124F80 /* AppDelegate+Extend.h */ = {isa = PBXFileReference; lastKnownFileType = sourcecode.c.h; path = "AppDelegate+Extend.h"; sourceTree = "<group>"; };
		C0B410A3214E1DCD00124F80 /* AppDelegate+Extend.m */ = {isa = PBXFileReference; lastKnownFileType = sourcecode.c.objc; path = "AppDelegate+Extend.m"; sourceTree = "<group>"; };
		C0B410A5214E248900124F80 /* 24中编程设计模式.pdf */ = {isa = PBXFileReference; lastKnownFileType = image.pdf; path = "24中编程设计模式.pdf"; sourceTree = "<group>"; };
		C0B410A8214E274F00124F80 /* AirConditioner.h */ = {isa = PBXFileReference; fileEncoding = 4; lastKnownFileType = sourcecode.c.h; path = AirConditioner.h; sourceTree = "<group>"; };
		C0B410A9214E274F00124F80 /* AirConditioner.m */ = {isa = PBXFileReference; fileEncoding = 4; lastKnownFileType = sourcecode.c.objc; path = AirConditioner.m; sourceTree = "<group>"; };
		C0B410AA214E274F00124F80 /* GeliAirConditioner.h */ = {isa = PBXFileReference; fileEncoding = 4; lastKnownFileType = sourcecode.c.h; path = GeliAirConditioner.h; sourceTree = "<group>"; };
		C0B410AB214E274F00124F80 /* GeliAirConditioner.m */ = {isa = PBXFileReference; fileEncoding = 4; lastKnownFileType = sourcecode.c.objc; path = GeliAirConditioner.m; sourceTree = "<group>"; };
		C0B410AC214E274F00124F80 /* HaierAirConditioner.h */ = {isa = PBXFileReference; fileEncoding = 4; lastKnownFileType = sourcecode.c.h; path = HaierAirConditioner.h; sourceTree = "<group>"; };
		C0B410AD214E274F00124F80 /* HaierAirConditioner.m */ = {isa = PBXFileReference; fileEncoding = 4; lastKnownFileType = sourcecode.c.objc; path = HaierAirConditioner.m; sourceTree = "<group>"; };
		C0B410AF214E274F00124F80 /* DirectionRemote.h */ = {isa = PBXFileReference; fileEncoding = 4; lastKnownFileType = sourcecode.c.h; path = DirectionRemote.h; sourceTree = "<group>"; };
		C0B410B0214E274F00124F80 /* DirectionRemote.m */ = {isa = PBXFileReference; fileEncoding = 4; lastKnownFileType = sourcecode.c.objc; path = DirectionRemote.m; sourceTree = "<group>"; };
		C0B410B1214E274F00124F80 /* Remote.h */ = {isa = PBXFileReference; fileEncoding = 4; lastKnownFileType = sourcecode.c.h; path = Remote.h; sourceTree = "<group>"; };
		C0B410B2214E274F00124F80 /* Remote.m */ = {isa = PBXFileReference; fileEncoding = 4; lastKnownFileType = sourcecode.c.objc; path = Remote.m; sourceTree = "<group>"; };
		C0B410B3214E274F00124F80 /* TemperatureRemote.h */ = {isa = PBXFileReference; fileEncoding = 4; lastKnownFileType = sourcecode.c.h; path = TemperatureRemote.h; sourceTree = "<group>"; };
		C0B410B4214E274F00124F80 /* TemperatureRemote.m */ = {isa = PBXFileReference; fileEncoding = 4; lastKnownFileType = sourcecode.c.objc; path = TemperatureRemote.m; sourceTree = "<group>"; };
		C0B410BB214E294F00124F80 /* OperationSubStract.h */ = {isa = PBXFileReference; fileEncoding = 4; lastKnownFileType = sourcecode.c.h; path = OperationSubStract.h; sourceTree = "<group>"; };
		C0B410BC214E294F00124F80 /* Strategy.h */ = {isa = PBXFileReference; fileEncoding = 4; lastKnownFileType = sourcecode.c.h; path = Strategy.h; sourceTree = "<group>"; };
		C0B410BF214E294F00124F80 /* OperationAdd.h */ = {isa = PBXFileReference; fileEncoding = 4; lastKnownFileType = sourcecode.c.h; path = OperationAdd.h; sourceTree = "<group>"; };
		C0B410C0214E295000124F80 /* OperationSubStract.m */ = {isa = PBXFileReference; fileEncoding = 4; lastKnownFileType = sourcecode.c.objc; path = OperationSubStract.m; sourceTree = "<group>"; };
		C0B410C1214E295000124F80 /* Context.m */ = {isa = PBXFileReference; fileEncoding = 4; lastKnownFileType = sourcecode.c.objc; path = Context.m; sourceTree = "<group>"; };
		C0B410C2214E295000124F80 /* Context.h */ = {isa = PBXFileReference; fileEncoding = 4; lastKnownFileType = sourcecode.c.h; path = Context.h; sourceTree = "<group>"; };
		C0B410C3214E295000124F80 /* OperationMultiply.m */ = {isa = PBXFileReference; fileEncoding = 4; lastKnownFileType = sourcecode.c.objc; path = OperationMultiply.m; sourceTree = "<group>"; };
		C0B410C4214E295000124F80 /* OperationAdd.m */ = {isa = PBXFileReference; fileEncoding = 4; lastKnownFileType = sourcecode.c.objc; path = OperationAdd.m; sourceTree = "<group>"; };
		C0B410C5214E295000124F80 /* OperationMultiply.h */ = {isa = PBXFileReference; fileEncoding = 4; lastKnownFileType = sourcecode.c.h; path = OperationMultiply.h; sourceTree = "<group>"; };
		C0B410CB214E2E8D00124F80 /* DarkerCommand.h */ = {isa = PBXFileReference; fileEncoding = 4; lastKnownFileType = sourcecode.c.h; path = DarkerCommand.h; sourceTree = "<group>"; };
		C0B410CC214E2E8D00124F80 /* DarkerCommand.m */ = {isa = PBXFileReference; fileEncoding = 4; lastKnownFileType = sourcecode.c.objc; path = DarkerCommand.m; sourceTree = "<group>"; };
		C0B410CD214E2E8D00124F80 /* LighterCommand.h */ = {isa = PBXFileReference; fileEncoding = 4; lastKnownFileType = sourcecode.c.h; path = LighterCommand.h; sourceTree = "<group>"; };
		C0B410CE214E2E8D00124F80 /* Invoker.m */ = {isa = PBXFileReference; fileEncoding = 4; lastKnownFileType = sourcecode.c.objc; path = Invoker.m; sourceTree = "<group>"; };
		C0B410CF214E2E8D00124F80 /* LighterCommand.m */ = {isa = PBXFileReference; fileEncoding = 4; lastKnownFileType = sourcecode.c.objc; path = LighterCommand.m; sourceTree = "<group>"; };
		C0B410D0214E2E8D00124F80 /* Receiver.h */ = {isa = PBXFileReference; fileEncoding = 4; lastKnownFileType = sourcecode.c.h; path = Receiver.h; sourceTree = "<group>"; };
		C0B410D1214E2E8D00124F80 /* Receiver.m */ = {isa = PBXFileReference; fileEncoding = 4; lastKnownFileType = sourcecode.c.objc; path = Receiver.m; sourceTree = "<group>"; };
		C0B410D2214E2E8E00124F80 /* Invoker.h */ = {isa = PBXFileReference; fileEncoding = 4; lastKnownFileType = sourcecode.c.h; path = Invoker.h; sourceTree = "<group>"; };
		C0B410D3214E2E8E00124F80 /* CommandProtocol.h */ = {isa = PBXFileReference; fileEncoding = 4; lastKnownFileType = sourcecode.c.h; path = CommandProtocol.h; sourceTree = "<group>"; };
		C0B410D8214E3D8C00124F80 /* SubscibeCenter.h */ = {isa = PBXFileReference; fileEncoding = 4; lastKnownFileType = sourcecode.c.h; path = SubscibeCenter.h; sourceTree = "<group>"; };
		C0B410D9214E3D8C00124F80 /* SubscibeProtocol.h */ = {isa = PBXFileReference; fileEncoding = 4; lastKnownFileType = sourcecode.c.h; path = SubscibeProtocol.h; sourceTree = "<group>"; };
		C0B410DA214E3D8C00124F80 /* SubscibeCenter.m */ = {isa = PBXFileReference; fileEncoding = 4; lastKnownFileType = sourcecode.c.objc; path = SubscibeCenter.m; sourceTree = "<group>"; };
		C0B410DC214E432200124F80 /* Mediator.m */ = {isa = PBXFileReference; fileEncoding = 4; lastKnownFileType = sourcecode.c.objc; path = Mediator.m; sourceTree = "<group>"; };
		C0B410DD214E432200124F80 /* ConcreteMediator.m */ = {isa = PBXFileReference; fileEncoding = 4; lastKnownFileType = sourcecode.c.objc; path = ConcreteMediator.m; sourceTree = "<group>"; };
		C0B410DE214E432200124F80 /* Colleague.h */ = {isa = PBXFileReference; fileEncoding = 4; lastKnownFileType = sourcecode.c.h; path = Colleague.h; sourceTree = "<group>"; };
		C0B410DF214E432200124F80 /* Colleague.m */ = {isa = PBXFileReference; fileEncoding = 4; lastKnownFileType = sourcecode.c.objc; path = Colleague.m; sourceTree = "<group>"; };
		C0B410E0214E432200124F80 /* ConcreteMediator.h */ = {isa = PBXFileReference; fileEncoding = 4; lastKnownFileType = sourcecode.c.h; path = ConcreteMediator.h; sourceTree = "<group>"; };
		C0B410E1214E432200124F80 /* Mediator.h */ = {isa = PBXFileReference; fileEncoding = 4; lastKnownFileType = sourcecode.c.h; path = Mediator.h; sourceTree = "<group>"; };
		C0B410E2214E432200124F80 /* ConcreteColleague.h */ = {isa = PBXFileReference; fileEncoding = 4; lastKnownFileType = sourcecode.c.h; path = ConcreteColleague.h; sourceTree = "<group>"; };
		C0B410E3214E432300124F80 /* ConcreteColleague.m */ = {isa = PBXFileReference; fileEncoding = 4; lastKnownFileType = sourcecode.c.objc; path = ConcreteColleague.m; sourceTree = "<group>"; };
		C0B410E8214E450600124F80 /* ChairmanHandler.h */ = {isa = PBXFileReference; fileEncoding = 4; lastKnownFileType = sourcecode.c.h; path = ChairmanHandler.h; sourceTree = "<group>"; };
		C0B410E9214E450600124F80 /* ChairmanHandler.m */ = {isa = PBXFileReference; fileEncoding = 4; lastKnownFileType = sourcecode.c.objc; path = ChairmanHandler.m; sourceTree = "<group>"; };
		C0B410EA214E450600124F80 /* GroupLeaderHandler.h */ = {isa = PBXFileReference; fileEncoding = 4; lastKnownFileType = sourcecode.c.h; path = GroupLeaderHandler.h; sourceTree = "<group>"; };
		C0B410EB214E450600124F80 /* GroupLeaderHandler.m */ = {isa = PBXFileReference; fileEncoding = 4; lastKnownFileType = sourcecode.c.objc; path = GroupLeaderHandler.m; sourceTree = "<group>"; };
		C0B410EC214E450600124F80 /* Handler.h */ = {isa = PBXFileReference; fileEncoding = 4; lastKnownFileType = sourcecode.c.h; path = Handler.h; sourceTree = "<group>"; };
		C0B410ED214E450600124F80 /* ManagerHandler.h */ = {isa = PBXFileReference; fileEncoding = 4; lastKnownFileType = sourcecode.c.h; path = ManagerHandler.h; sourceTree = "<group>"; };
		C0B410EE214E450700124F80 /* Order.h */ = {isa = PBXFileReference; fileEncoding = 4; lastKnownFileType = sourcecode.c.h; path = Order.h; sourceTree = "<group>"; };
		C0B410EF214E450700124F80 /* Order.m */ = {isa = PBXFileReference; fileEncoding = 4; lastKnownFileType = sourcecode.c.objc; path = Order.m; sourceTree = "<group>"; };
		C0B410F0214E450700124F80 /* ManagerHandler.m */ = {isa = PBXFileReference; fileEncoding = 4; lastKnownFileType = sourcecode.c.objc; path = ManagerHandler.m; sourceTree = "<group>"; };
		C0B410F1214E450700124F80 /* Handler.m */ = {isa = PBXFileReference; fileEncoding = 4; lastKnownFileType = sourcecode.c.objc; path = Handler.m; sourceTree = "<group>"; };
		C0E5FF6C211099CE00E12A50 /* PrefixHeader.pch */ = {isa = PBXFileReference; lastKnownFileType = sourcecode.c.h; path = PrefixHeader.pch; sourceTree = "<group>"; };
		C0EB10FD2150B19F0086A4F9 /* JavaScriptCore.framework */ = {isa = PBXFileReference; lastKnownFileType = wrapper.framework; name = JavaScriptCore.framework; path = System/Library/Frameworks/JavaScriptCore.framework; sourceTree = SDKROOT; };
		C0EE284C210E12780077A345 /* BGAlertView+BGAdd.h */ = {isa = PBXFileReference; fileEncoding = 4; lastKnownFileType = sourcecode.c.h; path = "BGAlertView+BGAdd.h"; sourceTree = "<group>"; };
		C0EE284D210E12780077A345 /* BGAlertView+BGAdd.m */ = {isa = PBXFileReference; fileEncoding = 4; lastKnownFileType = sourcecode.c.objc; path = "BGAlertView+BGAdd.m"; sourceTree = "<group>"; };
		C0EE2857210E12DF0077A345 /* ResponderViewController.h */ = {isa = PBXFileReference; lastKnownFileType = sourcecode.c.h; path = ResponderViewController.h; sourceTree = "<group>"; };
		C0EE2858210E12DF0077A345 /* ResponderViewController.m */ = {isa = PBXFileReference; lastKnownFileType = sourcecode.c.objc; path = ResponderViewController.m; sourceTree = "<group>"; };
		C0EE285E210E164A0077A345 /* BaseViewController.h */ = {isa = PBXFileReference; lastKnownFileType = sourcecode.c.h; path = BaseViewController.h; sourceTree = "<group>"; };
		C0EE285F210E164A0077A345 /* BaseViewController.m */ = {isa = PBXFileReference; lastKnownFileType = sourcecode.c.objc; path = BaseViewController.m; sourceTree = "<group>"; };
		C0EE2865210E19350077A345 /* NSString+Extend.h */ = {isa = PBXFileReference; lastKnownFileType = sourcecode.c.h; path = "NSString+Extend.h"; sourceTree = "<group>"; };
		C0EE2866210E19350077A345 /* NSString+Extend.m */ = {isa = PBXFileReference; lastKnownFileType = sourcecode.c.objc; path = "NSString+Extend.m"; sourceTree = "<group>"; };
		C0EE2869210E1B2E0077A345 /* Marco.h */ = {isa = PBXFileReference; lastKnownFileType = sourcecode.c.h; path = Marco.h; sourceTree = "<group>"; };
		F36132919D7EEE3B4F3057CD /* Pods-spec_localProject.release.xcconfig */ = {isa = PBXFileReference; includeInIndex = 1; lastKnownFileType = text.xcconfig; name = "Pods-spec_localProject.release.xcconfig"; path = "Pods/Target Support Files/Pods-spec_localProject/Pods-spec_localProject.release.xcconfig"; sourceTree = "<group>"; };
		FEB47D5885EDEC15DEEFDBBD /* Pods-spec_localProject.debug.xcconfig */ = {isa = PBXFileReference; includeInIndex = 1; lastKnownFileType = text.xcconfig; name = "Pods-spec_localProject.debug.xcconfig"; path = "Pods/Target Support Files/Pods-spec_localProject/Pods-spec_localProject.debug.xcconfig"; sourceTree = "<group>"; };
/* End PBXFileReference section */

/* Begin PBXFrameworksBuildPhase section */
		C0569D2120D501E8003BDCF0 /* Frameworks */ = {
			isa = PBXFrameworksBuildPhase;
			buildActionMask = 2147483647;
			files = (
				C0EB10FE2150B19F0086A4F9 /* JavaScriptCore.framework in Frameworks */,
				C019C8D5211496CE00C92750 /* libc++.tbd in Frameworks */,
				CE6D18ED699D56FF69699D48 /* libPods-spec_localProject.a in Frameworks */,
			);
			runOnlyForDeploymentPostprocessing = 0;
		};
		C0569D3920D501E8003BDCF0 /* Frameworks */ = {
			isa = PBXFrameworksBuildPhase;
			buildActionMask = 2147483647;
			files = (
			);
			runOnlyForDeploymentPostprocessing = 0;
		};
		C0569D4420D501E8003BDCF0 /* Frameworks */ = {
			isa = PBXFrameworksBuildPhase;
			buildActionMask = 2147483647;
			files = (
			);
			runOnlyForDeploymentPostprocessing = 0;
		};
/* End PBXFrameworksBuildPhase section */

/* Begin PBXGroup section */
		292814EE8BC2C7F946459F97 /* Pods */ = {
			isa = PBXGroup;
			children = (
				FEB47D5885EDEC15DEEFDBBD /* Pods-spec_localProject.debug.xcconfig */,
				F36132919D7EEE3B4F3057CD /* Pods-spec_localProject.release.xcconfig */,
			);
			name = Pods;
			sourceTree = "<group>";
		};
		37BA428183F0D93B062D9409 /* Frameworks */ = {
			isa = PBXGroup;
			children = (
				C0EB10FD2150B19F0086A4F9 /* JavaScriptCore.framework */,
				C019C8D4211496CE00C92750 /* libc++.tbd */,
				A8B1BB9BCE500DE94CC45E19 /* libPods-spec_localProject.a */,
			);
			name = Frameworks;
			sourceTree = "<group>";
		};
		C00E91272175E3750004ED9F /* ViewModels */ = {
			isa = PBXGroup;
			children = (
			);
			path = ViewModels;
			sourceTree = "<group>";
		};
		C00E91282175E37A0004ED9F /* Cells */ = {
			isa = PBXGroup;
			children = (
			);
			path = Cells;
			sourceTree = "<group>";
		};
		C00E91292175E3800004ED9F /* Models */ = {
			isa = PBXGroup;
			children = (
			);
			path = Models;
			sourceTree = "<group>";
		};
		C00E912A2175E3F90004ED9F /* SUTableView */ = {
			isa = PBXGroup;
			children = (
				C00E912B2175E3F90004ED9F /* LiveCell.h */,
				C00E912C2175E3F90004ED9F /* LiveCell.m */,
				C00E912D2175E3F90004ED9F /* LiveCell.xib */,
				C00E912E2175E3F90004ED9F /* SUTableView.h */,
				C00E912F2175E3F90004ED9F /* SUTableView.m */,
				C00E91302175E3F90004ED9F /* SUTableViewInterceptor.h */,
				C00E91312175E3F90004ED9F /* SUTableViewInterceptor.m */,
			);
			path = SUTableView;
			sourceTree = "<group>";
		};
		C01099582179DCBB0039BD1D /* LWRouter */ = {
			isa = PBXGroup;
			children = (
				C01099592179DCEA0039BD1D /* LWRoute.h */,
				C010995A2179DCEA0039BD1D /* LWRoute.m */,
				C010995C2179DD0F0039BD1D /* LWRouteRequest.h */,
				C010995D2179DD0F0039BD1D /* LWRouteRequest.m */,
				C010995F2179DF150039BD1D /* LWRouteHandle.h */,
			);
			path = LWRouter;
			sourceTree = "<group>";
		};
		C0109964217A383B0039BD1D /* 路由器模式 24种模式外，简化页面之间的耦合度 */ = {
			isa = PBXGroup;
			children = (
				C010996B217A38750039BD1D /* PushAViewController.h */,
				C010996C217A38750039BD1D /* PushAViewController.m */,
				C010996E217A387E0039BD1D /* PushBViewController.h */,
				C010996F217A387E0039BD1D /* PushBViewController.m */,
				C0109968217A386C0039BD1D /* PresntViewController.h */,
				C0109969217A386C0039BD1D /* PresntViewController.m */,
				C0109971217A38950039BD1D /* RouteDisplayViewController.h */,
				C0109972217A38950039BD1D /* RouteDisplayViewController.m */,
			);
			path = "路由器模式 24种模式外，简化页面之间的耦合度";
			sourceTree = "<group>";
		};
		C012F0F6216C9C7800E30DF5 /* Component 自定义组件 */ = {
			isa = PBXGroup;
			children = (
				C012F0F7216C9CBB00E30DF5 /* ComponentViewController.h */,
				C012F0F8216C9CBB00E30DF5 /* ComponentViewController.m */,
			);
			path = "Component 自定义组件";
			sourceTree = "<group>";
		};
		C012F0FA216CAC5C00E30DF5 /* CocoaTouch */ = {
			isa = PBXGroup;
			children = (
				C012F0FB216CAC5C00E30DF5 /* WebBrigdeObjc 网页和OC交互 */,
				C012F100216CAC5C00E30DF5 /* Multithread 多线程设计 */,
				C012F101216CAC5C00E30DF5 /* Img&Animation 图形与动画 */,
			);
			path = CocoaTouch;
			sourceTree = "<group>";
		};
		C012F0FB216CAC5C00E30DF5 /* WebBrigdeObjc 网页和OC交互 */ = {
			isa = PBXGroup;
			children = (
				C012F0FC216CAC5C00E30DF5 /* WebBrigdeObjcViewController.h */,
				C012F0FD216CAC5C00E30DF5 /* test.html */,
				C012F0FE216CAC5C00E30DF5 /* WebBrigdeObjcViewController.m */,
				C012F0FF216CAC5C00E30DF5 /* test1.html */,
			);
			path = "WebBrigdeObjc 网页和OC交互";
			sourceTree = "<group>";
		};
		C012F100216CAC5C00E30DF5 /* Multithread 多线程设计 */ = {
			isa = PBXGroup;
			children = (
				C012F108216CAC7500E30DF5 /* MultithreadViewController.h */,
				C012F109216CAC7500E30DF5 /* MultithreadViewController.m */,
			);
			path = "Multithread 多线程设计";
			sourceTree = "<group>";
		};
		C012F101216CAC5C00E30DF5 /* Img&Animation 图形与动画 */ = {
			isa = PBXGroup;
			children = (
				C012F102216CAC5C00E30DF5 /* LayerDrawInRectViewController.h */,
				C012F103216CAC5C00E30DF5 /* LayerDrawInRectViewController.m */,
			);
			path = "Img&Animation 图形与动画";
			sourceTree = "<group>";
		};
		C012F10B216CAD6E00E30DF5 /* Multithread */ = {
			isa = PBXGroup;
			children = (
				C012F10C216CB06F00E30DF5 /* LWSerialQueueWaitsDownloadTask.h */,
				C012F10D216CB06F00E30DF5 /* LWSerialQueueWaitsDownloadTask.m */,
			);
			path = Multithread;
			sourceTree = "<group>";
		};
		C019C8BE21145FA000C92750 /* OpenGLES */ = {
			isa = PBXGroup;
			children = (
				C019C8BF21145FB200C92750 /* GLViewController.h */,
				C019C8C021145FB200C92750 /* GLViewController.mm */,
			);
			path = OpenGLES;
			sourceTree = "<group>";
		};
		C019C8C321147EBD00C92750 /* Views */ = {
			isa = PBXGroup;
			children = (
				C07A099C2121606800CD86CD /* Img&Animation */,
				C019C8C721147ED700C92750 /* OpenGLES */,
			);
			path = Views;
			sourceTree = "<group>";
		};
		C019C8C421147EBD00C92750 /* Extends */ = {
			isa = PBXGroup;
			children = (
				C01099582179DCBB0039BD1D /* LWRouter */,
				C00E912A2175E3F90004ED9F /* SUTableView */,
				C012F10B216CAD6E00E30DF5 /* Multithread */,
				C095DF78216C586F0027A425 /* LWPageControl */,
				C019C8EE21153D5100C92750 /* OpenGLES */,
			);
			path = Extends;
			sourceTree = "<group>";
		};
		C019C8C721147ED700C92750 /* OpenGLES */ = {
			isa = PBXGroup;
			children = (
				C019C8C821147EFF00C92750 /* GLView.h */,
				C019C8C921147EFF00C92750 /* GLView.mm */,
			);
			path = OpenGLES;
			sourceTree = "<group>";
		};
		C019C8EE21153D5100C92750 /* OpenGLES */ = {
			isa = PBXGroup;
			children = (
				C019C8EF21153D5100C92750 /* IRenderingEngine.hpp */,
				C019C8F021153D5100C92750 /* RenderingEngine1.cpp */,
				C0360F432119A226006381AD /* RenderingEngine2.cpp */,
			);
			path = OpenGLES;
			sourceTree = "<group>";
		};
		C0360F452119A329006381AD /* Shaders */ = {
			isa = PBXGroup;
			children = (
				C0360F462119A329006381AD /* Simple.frag */,
				C0360F472119A329006381AD /* Simple.vert */,
			);
			path = Shaders;
			sourceTree = "<group>";
		};
		C0569D1B20D501E8003BDCF0 = {
			isa = PBXGroup;
			children = (
				C0569D2620D501E8003BDCF0 /* spec_localProject */,
				C0569D3F20D501E8003BDCF0 /* spec_localProjectTests */,
				C0569D4A20D501E8003BDCF0 /* spec_localProjectUITests */,
				C0569D2520D501E8003BDCF0 /* Products */,
				292814EE8BC2C7F946459F97 /* Pods */,
				37BA428183F0D93B062D9409 /* Frameworks */,
			);
			sourceTree = "<group>";
		};
		C0569D2520D501E8003BDCF0 /* Products */ = {
			isa = PBXGroup;
			children = (
				C0569D2420D501E8003BDCF0 /* spec_localProject.app */,
				C0569D3C20D501E8003BDCF0 /* spec_localProjectTests.xctest */,
				C0569D4720D501E8003BDCF0 /* spec_localProjectUITests.xctest */,
			);
			name = Products;
			sourceTree = "<group>";
		};
		C0569D2620D501E8003BDCF0 /* spec_localProject */ = {
			isa = PBXGroup;
			children = (
				C0E5FF6C211099CE00E12A50 /* PrefixHeader.pch */,
				C0569D2720D501E8003BDCF0 /* AppDelegate.h */,
				C0569D2820D501E8003BDCF0 /* AppDelegate.m */,
				C0569D3520D501E8003BDCF0 /* Info.plist */,
				C064F0C7216E05A7005BAB1B /* ProjectAssets.xcassets */,
				C015FC272111862A009C8395 /* Resource */,
				C0EE2856210E12C10077A345 /* Luanch */,
				C0EE284A210E12780077A345 /* Project */,
			);
			path = spec_localProject;
			sourceTree = "<group>";
		};
		C0569D3F20D501E8003BDCF0 /* spec_localProjectTests */ = {
			isa = PBXGroup;
			children = (
				C0569D4020D501E8003BDCF0 /* spec_localProjectTests.m */,
				C0569D4220D501E8003BDCF0 /* Info.plist */,
			);
			path = spec_localProjectTests;
			sourceTree = "<group>";
		};
		C0569D4A20D501E8003BDCF0 /* spec_localProjectUITests */ = {
			isa = PBXGroup;
			children = (
				C0569D4B20D501E8003BDCF0 /* spec_localProjectUITests.m */,
				C0569D4D20D501E8003BDCF0 /* Info.plist */,
			);
			path = spec_localProjectUITests;
			sourceTree = "<group>";
		};
		C073DC48214CAB5C00BE32B2 /* DesignMode 设计模式 */ = {
			isa = PBXGroup;
			children = (
				C0109964217A383B0039BD1D /* 路由器模式 24种模式外，简化页面之间的耦合度 */,
				C0B410A5214E248900124F80 /* 24中编程设计模式.pdf */,
				C073DC49214CABC800BE32B2 /* DesignModeViewController.h */,
				C073DC4A214CABC800BE32B2 /* DesignModeViewController.m */,
				C073DC56214D49FF00BE32B2 /* 创建型模式 */,
				C073DC5C214D4A7600BE32B2 /* 结构型模式 */,
				C073DC64214D4AE000BE32B2 /* 行为型模式 */,
			);
			path = "DesignMode 设计模式";
			sourceTree = "<group>";
		};
		C073DC56214D49FF00BE32B2 /* 创建型模式 */ = {
			isa = PBXGroup;
			children = (
				C073DC59214D49FF00BE32B2 /* 工厂模式 */,
				C073DC5A214D49FF00BE32B2 /* 抽象工厂模式 */,
				C073DC57214D49FF00BE32B2 /* 单例模式 太常用不介绍了 */,
				C073DC58214D49FF00BE32B2 /* 原型模式 */,
				C073DC5B214D49FF00BE32B2 /* 构建者模式 */,
			);
			path = "创建型模式";
			sourceTree = "<group>";
		};
		C073DC57214D49FF00BE32B2 /* 单例模式 太常用不介绍了 */ = {
			isa = PBXGroup;
			children = (
			);
			path = "单例模式 太常用不介绍了";
			sourceTree = "<group>";
		};
		C073DC58214D49FF00BE32B2 /* 原型模式 */ = {
			isa = PBXGroup;
			children = (
				C073DC91214DE75F00BE32B2 /* BaseCopyObj.h */,
				C073DC92214DE75F00BE32B2 /* BaseCopyObj.m */,
				C073DC9A214DE8F600BE32B2 /* ClassModel.h */,
				C073DC9B214DE8F600BE32B2 /* ClassModel.m */,
				C073DC94214DE89400BE32B2 /* Student.h */,
				C073DC95214DE89400BE32B2 /* Student.m */,
			);
			path = "原型模式";
			sourceTree = "<group>";
		};
		C073DC59214D49FF00BE32B2 /* 工厂模式 */ = {
			isa = PBXGroup;
			children = (
				C073DC7C214D653800BE32B2 /* BallpointPen.h */,
				C073DC7D214D653800BE32B2 /* BallpointPen.m */,
				C073DC79214D652800BE32B2 /* Pencil.h */,
				C073DC7A214D652800BE32B2 /* Pencil.m */,
				C073DC76214D64A600BE32B2 /* Pen.h */,
				C073DC77214D64A600BE32B2 /* Pen.m */,
				C073DC73214D642F00BE32B2 /* Factory.h */,
				C073DC74214D642F00BE32B2 /* Factory.m */,
			);
			path = "工厂模式";
			sourceTree = "<group>";
		};
		C073DC5A214D49FF00BE32B2 /* 抽象工厂模式 */ = {
			isa = PBXGroup;
			children = (
				C073DC82214D6D8E00BE32B2 /* AbstractFactory.h */,
				C073DC83214D6D8E00BE32B2 /* AbstractFactory.m */,
				C073DC88214D6EBD00BE32B2 /* MobilephoneFactory.h */,
				C073DC89214D6EBD00BE32B2 /* MobilephoneFactory.m */,
				C073DC85214D6E9000BE32B2 /* RefrigeratorFactory.h */,
				C073DC86214D6E9000BE32B2 /* RefrigeratorFactory.m */,
			);
			path = "抽象工厂模式";
			sourceTree = "<group>";
		};
		C073DC5B214D49FF00BE32B2 /* 构建者模式 */ = {
			isa = PBXGroup;
			children = (
			);
			path = "构建者模式";
			sourceTree = "<group>";
		};
		C073DC5C214D4A7600BE32B2 /* 结构型模式 */ = {
			isa = PBXGroup;
			children = (
				C073DC63214D4A7600BE32B2 /* 适配器模式 */,
				C073DC5D214D4A7600BE32B2 /* 享元模式 */,
				C073DC5E214D4A7600BE32B2 /* 代理模式 常用不讲 */,
				C073DC5F214D4A7600BE32B2 /* 外观模式 暴露一个接口输出目标，过程隐藏 */,
				C073DC60214D4A7600BE32B2 /* 桥接模式 */,
				C073DC61214D4A7600BE32B2 /* 组合模式 */,
				C073DC62214D4A7600BE32B2 /* 装饰器模式 objc分类不讲 */,
			);
			path = "结构型模式";
			sourceTree = "<group>";
		};
		C073DC5D214D4A7600BE32B2 /* 享元模式 */ = {
			isa = PBXGroup;
			children = (
				C0B41090214E102500124F80 /* FlowerFactory.h */,
				C0B41091214E102500124F80 /* FlowerFactory.m */,
				C0B41093214E102E00124F80 /* Flower.h */,
				C0B41094214E102F00124F80 /* Flower.m */,
			);
			path = "享元模式";
			sourceTree = "<group>";
		};
		C073DC5E214D4A7600BE32B2 /* 代理模式 常用不讲 */ = {
			isa = PBXGroup;
			children = (
			);
			path = "代理模式 常用不讲";
			sourceTree = "<group>";
		};
		C073DC5F214D4A7600BE32B2 /* 外观模式 暴露一个接口输出目标，过程隐藏 */ = {
			isa = PBXGroup;
			children = (
			);
			path = "外观模式 暴露一个接口输出目标，过程隐藏";
			sourceTree = "<group>";
		};
		C073DC60214D4A7600BE32B2 /* 桥接模式 */ = {
			isa = PBXGroup;
			children = (
				C0B410A7214E274F00124F80 /* 空调 */,
				C0B410AE214E274F00124F80 /* 遥控器 */,
			);
			path = "桥接模式";
			sourceTree = "<group>";
		};
		C073DC61214D4A7600BE32B2 /* 组合模式 */ = {
			isa = PBXGroup;
			children = (
				C0B4109C214E150100124F80 /* File.h */,
				C0B41099214E150100124F80 /* File.m */,
				C0B4109D214E150100124F80 /* FileCell.h */,
				C0B4109B214E150100124F80 /* FileCell.m */,
				C0B4109E214E150200124F80 /* FileViewController.h */,
				C0B4109A214E150100124F80 /* FileViewController.m */,
				C0B41097214E14D100124F80 /* CompositePatternViewController.h */,
				C0B41096214E14D100124F80 /* CompositePatternViewController.m */,
			);
			path = "组合模式";
			sourceTree = "<group>";
		};
		C073DC62214D4A7600BE32B2 /* 装饰器模式 objc分类不讲 */ = {
			isa = PBXGroup;
			children = (
			);
			path = "装饰器模式 objc分类不讲";
			sourceTree = "<group>";
		};
		C073DC63214D4A7600BE32B2 /* 适配器模式 */ = {
			isa = PBXGroup;
			children = (
				C073DC9D214DED2600BE32B2 /* ViewAdapter.h */,
				C073DC9E214DED2600BE32B2 /* ViewAdapter.m */,
				C073DCA3214DED6E00BE32B2 /* extModel.h */,
				C073DCA4214DED6E00BE32B2 /* extModel.m */,
				C073DCAC214DF28500BE32B2 /* SmallView.h */,
				C073DCAD214DF28500BE32B2 /* SmallView.m */,
				C073DCA9214DF05B00BE32B2 /* BigView.h */,
				C073DCAA214DF05B00BE32B2 /* BigView.m */,
			);
			path = "适配器模式";
			sourceTree = "<group>";
		};
		C073DC64214D4AE000BE32B2 /* 行为型模式 */ = {
			isa = PBXGroup;
			children = (
				C073DC65214D4AE000BE32B2 /* 中介者模式 */,
				C073DC66214D4AE000BE32B2 /* 命令模式 */,
				C073DC67214D4AE000BE32B2 /* 备忘录模式 */,
				C073DC68214D4AE000BE32B2 /* 模板模式 一个基类，多个子类重写基类方法 */,
				C073DC69214D4AE000BE32B2 /* 状态模式 没看出和策略模式的不同 */,
				C073DC6A214D4AE000BE32B2 /* 策略模式 */,
				C073DC6B214D4AE000BE32B2 /* 观察者模式 */,
				C073DC6C214D4AE000BE32B2 /* 解释器模式 */,
				C073DC6D214D4AE000BE32B2 /* 访问者模式 */,
				C073DC6E214D4AE000BE32B2 /* 责任链模式 */,
				C073DC6F214D4AE000BE32B2 /* 迭代器模式 单向链表遍历 */,
			);
			path = "行为型模式";
			sourceTree = "<group>";
		};
		C073DC65214D4AE000BE32B2 /* 中介者模式 */ = {
			isa = PBXGroup;
			children = (
				C0B410DE214E432200124F80 /* Colleague.h */,
				C0B410DF214E432200124F80 /* Colleague.m */,
				C0B410E2214E432200124F80 /* ConcreteColleague.h */,
				C0B410E3214E432300124F80 /* ConcreteColleague.m */,
				C0B410E0214E432200124F80 /* ConcreteMediator.h */,
				C0B410DD214E432200124F80 /* ConcreteMediator.m */,
				C0B410E1214E432200124F80 /* Mediator.h */,
				C0B410DC214E432200124F80 /* Mediator.m */,
			);
			path = "中介者模式";
			sourceTree = "<group>";
		};
		C073DC66214D4AE000BE32B2 /* 命令模式 */ = {
			isa = PBXGroup;
			children = (
				C0B410D3214E2E8E00124F80 /* CommandProtocol.h */,
				C0B410CB214E2E8D00124F80 /* DarkerCommand.h */,
				C0B410CC214E2E8D00124F80 /* DarkerCommand.m */,
				C0B410D2214E2E8E00124F80 /* Invoker.h */,
				C0B410CE214E2E8D00124F80 /* Invoker.m */,
				C0B410CD214E2E8D00124F80 /* LighterCommand.h */,
				C0B410CF214E2E8D00124F80 /* LighterCommand.m */,
				C0B410D0214E2E8D00124F80 /* Receiver.h */,
				C0B410D1214E2E8D00124F80 /* Receiver.m */,
			);
			path = "命令模式";
			sourceTree = "<group>";
		};
		C073DC67214D4AE000BE32B2 /* 备忘录模式 */ = {
			isa = PBXGroup;
			children = (
			);
			path = "备忘录模式";
			sourceTree = "<group>";
		};
		C073DC68214D4AE000BE32B2 /* 模板模式 一个基类，多个子类重写基类方法 */ = {
			isa = PBXGroup;
			children = (
			);
			path = "模板模式 一个基类，多个子类重写基类方法";
			sourceTree = "<group>";
		};
		C073DC69214D4AE000BE32B2 /* 状态模式 没看出和策略模式的不同 */ = {
			isa = PBXGroup;
			children = (
			);
			path = "状态模式 没看出和策略模式的不同";
			sourceTree = "<group>";
		};
		C073DC6A214D4AE000BE32B2 /* 策略模式 */ = {
			isa = PBXGroup;
			children = (
				C0B410C2214E295000124F80 /* Context.h */,
				C0B410C1214E295000124F80 /* Context.m */,
				C0B410BF214E294F00124F80 /* OperationAdd.h */,
				C0B410C4214E295000124F80 /* OperationAdd.m */,
				C0B410C5214E295000124F80 /* OperationMultiply.h */,
				C0B410C3214E295000124F80 /* OperationMultiply.m */,
				C0B410BB214E294F00124F80 /* OperationSubStract.h */,
				C0B410C0214E295000124F80 /* OperationSubStract.m */,
				C0B410BC214E294F00124F80 /* Strategy.h */,
			);
			path = "策略模式";
			sourceTree = "<group>";
		};
		C073DC6B214D4AE000BE32B2 /* 观察者模式 */ = {
			isa = PBXGroup;
			children = (
				C0B410D8214E3D8C00124F80 /* SubscibeCenter.h */,
				C0B410DA214E3D8C00124F80 /* SubscibeCenter.m */,
				C0B410D9214E3D8C00124F80 /* SubscibeProtocol.h */,
			);
			path = "观察者模式";
			sourceTree = "<group>";
		};
		C073DC6C214D4AE000BE32B2 /* 解释器模式 */ = {
			isa = PBXGroup;
			children = (
			);
			path = "解释器模式";
			sourceTree = "<group>";
		};
		C073DC6D214D4AE000BE32B2 /* 访问者模式 */ = {
			isa = PBXGroup;
			children = (
			);
			path = "访问者模式";
			sourceTree = "<group>";
		};
		C073DC6E214D4AE000BE32B2 /* 责任链模式 */ = {
			isa = PBXGroup;
			children = (
				C0B410E8214E450600124F80 /* ChairmanHandler.h */,
				C0B410E9214E450600124F80 /* ChairmanHandler.m */,
				C0B410EA214E450600124F80 /* GroupLeaderHandler.h */,
				C0B410EB214E450600124F80 /* GroupLeaderHandler.m */,
				C0B410EC214E450600124F80 /* Handler.h */,
				C0B410F1214E450700124F80 /* Handler.m */,
				C0B410ED214E450600124F80 /* ManagerHandler.h */,
				C0B410F0214E450700124F80 /* ManagerHandler.m */,
				C0B410EE214E450700124F80 /* Order.h */,
				C0B410EF214E450700124F80 /* Order.m */,
			);
			path = "责任链模式";
			sourceTree = "<group>";
		};
		C073DC6F214D4AE000BE32B2 /* 迭代器模式 单向链表遍历 */ = {
			isa = PBXGroup;
			children = (
			);
			path = "迭代器模式 单向链表遍历";
			sourceTree = "<group>";
		};
		C07A099C2121606800CD86CD /* Img&Animation */ = {
			isa = PBXGroup;
			children = (
				C07A09A6212160D200CD86CD /* CustomLayer.h */,
				C07A09A7212160D200CD86CD /* CustomLayer.m */,
				C07A09A92122957900CD86CD /* CustomLayerBezierPath.h */,
				C07A09AA2122957900CD86CD /* CustomLayerBezierPath.m */,
			);
			path = "Img&Animation";
			sourceTree = "<group>";
		};
		C095DF78216C586F0027A425 /* LWPageControl */ = {
			isa = PBXGroup;
			children = (
				C095DF79216C58880027A425 /* LWPageControl.h */,
				C095DF7A216C58880027A425 /* LWPageControl.m */,
			);
			path = LWPageControl;
			sourceTree = "<group>";
		};
		C0B410A7214E274F00124F80 /* 空调 */ = {
			isa = PBXGroup;
			children = (
				C0B410A8214E274F00124F80 /* AirConditioner.h */,
				C0B410A9214E274F00124F80 /* AirConditioner.m */,
				C0B410AA214E274F00124F80 /* GeliAirConditioner.h */,
				C0B410AB214E274F00124F80 /* GeliAirConditioner.m */,
				C0B410AC214E274F00124F80 /* HaierAirConditioner.h */,
				C0B410AD214E274F00124F80 /* HaierAirConditioner.m */,
			);
			path = "空调";
			sourceTree = "<group>";
		};
		C0B410AE214E274F00124F80 /* 遥控器 */ = {
			isa = PBXGroup;
			children = (
				C0B410AF214E274F00124F80 /* DirectionRemote.h */,
				C0B410B0214E274F00124F80 /* DirectionRemote.m */,
				C0B410B1214E274F00124F80 /* Remote.h */,
				C0B410B2214E274F00124F80 /* Remote.m */,
				C0B410B3214E274F00124F80 /* TemperatureRemote.h */,
				C0B410B4214E274F00124F80 /* TemperatureRemote.m */,
			);
			path = "遥控器";
			sourceTree = "<group>";
		};
		C0B410F7214E49B000124F80 /* Managers */ = {
			isa = PBXGroup;
			children = (
			);
			path = Managers;
			sourceTree = "<group>";
		};
		C0B410F8214E4DDF00124F80 /* BGAlertView */ = {
			isa = PBXGroup;
			children = (
				C0EE284C210E12780077A345 /* BGAlertView+BGAdd.h */,
				C0EE284D210E12780077A345 /* BGAlertView+BGAdd.m */,
			);
			path = BGAlertView;
			sourceTree = "<group>";
		};
		C0B410F9214E4DF000124F80 /* 设计模式 */ = {
			isa = PBXGroup;
			children = (
				C073DC8E214D756100BE32B2 /* DesignModeViewController+Extend.h */,
				C073DC8F214D756100BE32B2 /* DesignModeViewController+Extend.m */,
			);
			path = "设计模式";
			sourceTree = "<group>";
		};
		C0EE284A210E12780077A345 /* Project */ = {
			isa = PBXGroup;
			children = (
				C00E91292175E3800004ED9F /* Models */,
				C00E91282175E37A0004ED9F /* Cells */,
				C00E91272175E3750004ED9F /* ViewModels */,
				C0B410F7214E49B000124F80 /* Managers */,
				C0360F452119A329006381AD /* Shaders */,
				C019C8C421147EBD00C92750 /* Extends */,
				C019C8C321147EBD00C92750 /* Views */,
				C0EE2868210E1B250077A345 /* Headers */,
				C0EE285A210E16360077A345 /* Bases */,
				C0EE284B210E12780077A345 /* Categorys */,
				C0EE284E210E12780077A345 /* ViewControllers */,
			);
			path = Project;
			sourceTree = "<group>";
		};
		C0EE284B210E12780077A345 /* Categorys */ = {
			isa = PBXGroup;
			children = (
				C0B410F9214E4DF000124F80 /* 设计模式 */,
				C0B410F8214E4DDF00124F80 /* BGAlertView */,
				C0EE2865210E19350077A345 /* NSString+Extend.h */,
				C0EE2866210E19350077A345 /* NSString+Extend.m */,
				C015FC292111B516009C8395 /* NSData+Extend.h */,
				C015FC2A2111B516009C8395 /* NSData+Extend.m */,
				C00E913C2175F6510004ED9F /* NSObject+Add.h */,
				C00E913D2175F6510004ED9F /* NSObject+Add.m */,
				C073DC53214D463700BE32B2 /* UITableView+Extend.h */,
				C073DC54214D463700BE32B2 /* UITableView+Extend.m */,
				C0B410A2214E1DCD00124F80 /* AppDelegate+Extend.h */,
				C0B410A3214E1DCD00124F80 /* AppDelegate+Extend.m */,
				C00E91392175EE5C0004ED9F /* UIButton+Add.h */,
				C00E913A2175EE5C0004ED9F /* UIButton+Add.m */,
				C00E914C2176E7790004ED9F /* UIDevice+Type.h */,
				C00E914D2176E7790004ED9F /* UIDevice+Type.m */,
			);
			path = Categorys;
			sourceTree = "<group>";
		};
		C0EE284E210E12780077A345 /* ViewControllers */ = {
			isa = PBXGroup;
			children = (
				C012F0FA216CAC5C00E30DF5 /* CocoaTouch */,
				C012F0F6216C9C7800E30DF5 /* Component 自定义组件 */,
				C073DC48214CAB5C00BE32B2 /* DesignMode 设计模式 */,
				C019C8BE21145FA000C92750 /* OpenGLES */,
				C0EE2857210E12DF0077A345 /* ResponderViewController.h */,
				C0EE2858210E12DF0077A345 /* ResponderViewController.m */,
			);
			path = ViewControllers;
			sourceTree = "<group>";
		};
		C0EE2856210E12C10077A345 /* Luanch */ = {
			isa = PBXGroup;
			children = (
				C0569D3220D501E8003BDCF0 /* LaunchScreen.storyboard */,
				C0569D2D20D501E8003BDCF0 /* Main.storyboard */,
				C0569D2A20D501E8003BDCF0 /* ViewController.h */,
				C0569D2B20D501E8003BDCF0 /* ViewController.m */,
				C0569D3620D501E8003BDCF0 /* main.m */,
			);
			path = Luanch;
			sourceTree = "<group>";
		};
		C0EE285A210E16360077A345 /* Bases */ = {
			isa = PBXGroup;
			children = (
				C0EE285E210E164A0077A345 /* BaseViewController.h */,
				C0EE285F210E164A0077A345 /* BaseViewController.m */,
			);
			path = Bases;
			sourceTree = "<group>";
		};
		C0EE2868210E1B250077A345 /* Headers */ = {
			isa = PBXGroup;
			children = (
				C0EE2869210E1B2E0077A345 /* Marco.h */,
				C073DC4C214CACF700BE32B2 /* BaseDelegate.h */,
				C0109963217A37090039BD1D /* LWJSONRoute.h */,
			);
			path = Headers;
			sourceTree = "<group>";
		};
/* End PBXGroup section */

/* Begin PBXNativeTarget section */
		C0569D2320D501E8003BDCF0 /* spec_localProject */ = {
			isa = PBXNativeTarget;
			buildConfigurationList = C0569D5020D501E8003BDCF0 /* Build configuration list for PBXNativeTarget "spec_localProject" */;
			buildPhases = (
				3CA23406FA18A53DF90B9AC2 /* [CP] Check Pods Manifest.lock */,
				C0569D2020D501E8003BDCF0 /* Sources */,
				C0569D2120D501E8003BDCF0 /* Frameworks */,
				C0569D2220D501E8003BDCF0 /* Resources */,
				33C1C441A928AF5E4A0BE7A4 /* [CP] Embed Pods Frameworks */,
				32226EB6603C5EE7BCDDD2E6 /* [CP] Copy Pods Resources */,
			);
			buildRules = (
			);
			dependencies = (
			);
			name = spec_localProject;
			productName = spec_localProject;
			productReference = C0569D2420D501E8003BDCF0 /* spec_localProject.app */;
			productType = "com.apple.product-type.application";
		};
		C0569D3B20D501E8003BDCF0 /* spec_localProjectTests */ = {
			isa = PBXNativeTarget;
			buildConfigurationList = C0569D5320D501E8003BDCF0 /* Build configuration list for PBXNativeTarget "spec_localProjectTests" */;
			buildPhases = (
				C0569D3820D501E8003BDCF0 /* Sources */,
				C0569D3920D501E8003BDCF0 /* Frameworks */,
				C0569D3A20D501E8003BDCF0 /* Resources */,
			);
			buildRules = (
			);
			dependencies = (
				C0569D3E20D501E8003BDCF0 /* PBXTargetDependency */,
			);
			name = spec_localProjectTests;
			productName = spec_localProjectTests;
			productReference = C0569D3C20D501E8003BDCF0 /* spec_localProjectTests.xctest */;
			productType = "com.apple.product-type.bundle.unit-test";
		};
		C0569D4620D501E8003BDCF0 /* spec_localProjectUITests */ = {
			isa = PBXNativeTarget;
			buildConfigurationList = C0569D5620D501E8003BDCF0 /* Build configuration list for PBXNativeTarget "spec_localProjectUITests" */;
			buildPhases = (
				C0569D4320D501E8003BDCF0 /* Sources */,
				C0569D4420D501E8003BDCF0 /* Frameworks */,
				C0569D4520D501E8003BDCF0 /* Resources */,
			);
			buildRules = (
			);
			dependencies = (
				C0569D4920D501E8003BDCF0 /* PBXTargetDependency */,
			);
			name = spec_localProjectUITests;
			productName = spec_localProjectUITests;
			productReference = C0569D4720D501E8003BDCF0 /* spec_localProjectUITests.xctest */;
			productType = "com.apple.product-type.bundle.ui-testing";
		};
/* End PBXNativeTarget section */

/* Begin PBXProject section */
		C0569D1C20D501E8003BDCF0 /* Project object */ = {
			isa = PBXProject;
			attributes = {
				LastUpgradeCheck = 0920;
				ORGANIZATIONNAME = Little.Daddly;
				TargetAttributes = {
					C0569D2320D501E8003BDCF0 = {
						CreatedOnToolsVersion = 9.2;
						ProvisioningStyle = Automatic;
						SystemCapabilities = {
							com.apple.BackgroundModes = {
								enabled = 0;
							};
						};
					};
					C0569D3B20D501E8003BDCF0 = {
						CreatedOnToolsVersion = 9.2;
						ProvisioningStyle = Automatic;
						TestTargetID = C0569D2320D501E8003BDCF0;
					};
					C0569D4620D501E8003BDCF0 = {
						CreatedOnToolsVersion = 9.2;
						ProvisioningStyle = Automatic;
						TestTargetID = C0569D2320D501E8003BDCF0;
					};
				};
			};
			buildConfigurationList = C0569D1F20D501E8003BDCF0 /* Build configuration list for PBXProject "spec_localProject" */;
			compatibilityVersion = "Xcode 8.0";
			developmentRegion = en;
			hasScannedForEncodings = 0;
			knownRegions = (
				en,
				Base,
			);
			mainGroup = C0569D1B20D501E8003BDCF0;
			productRefGroup = C0569D2520D501E8003BDCF0 /* Products */;
			projectDirPath = "";
			projectRoot = "";
			targets = (
				C0569D2320D501E8003BDCF0 /* spec_localProject */,
				C0569D3B20D501E8003BDCF0 /* spec_localProjectTests */,
				C0569D4620D501E8003BDCF0 /* spec_localProjectUITests */,
			);
		};
/* End PBXProject section */

/* Begin PBXResourcesBuildPhase section */
		C0569D2220D501E8003BDCF0 /* Resources */ = {
			isa = PBXResourcesBuildPhase;
			buildActionMask = 2147483647;
			files = (
				C012F104216CAC5C00E30DF5 /* test.html in Resources */,
				C064F0C8216E05A8005BAB1B /* ProjectAssets.xcassets in Resources */,
				C0360F482119A329006381AD /* Simple.frag in Resources */,
				C015FC282111862A009C8395 /* Resource in Resources */,
				C0569D3420D501E8003BDCF0 /* LaunchScreen.storyboard in Resources */,
				C0360F492119A329006381AD /* Simple.vert in Resources */,
				C0B410A6214E248900124F80 /* 24中编程设计模式.pdf in Resources */,
				C012F106216CAC5C00E30DF5 /* test1.html in Resources */,
				C0569D2F20D501E8003BDCF0 /* Main.storyboard in Resources */,
				C00E91332175E3F90004ED9F /* LiveCell.xib in Resources */,
			);
			runOnlyForDeploymentPostprocessing = 0;
		};
		C0569D3A20D501E8003BDCF0 /* Resources */ = {
			isa = PBXResourcesBuildPhase;
			buildActionMask = 2147483647;
			files = (
			);
			runOnlyForDeploymentPostprocessing = 0;
		};
		C0569D4520D501E8003BDCF0 /* Resources */ = {
			isa = PBXResourcesBuildPhase;
			buildActionMask = 2147483647;
			files = (
			);
			runOnlyForDeploymentPostprocessing = 0;
		};
/* End PBXResourcesBuildPhase section */

/* Begin PBXShellScriptBuildPhase section */
		32226EB6603C5EE7BCDDD2E6 /* [CP] Copy Pods Resources */ = {
			isa = PBXShellScriptBuildPhase;
			buildActionMask = 2147483647;
			files = (
			);
			inputPaths = (
			);
			name = "[CP] Copy Pods Resources";
			outputPaths = (
			);
			runOnlyForDeploymentPostprocessing = 0;
			shellPath = /bin/sh;
			shellScript = "\"${SRCROOT}/Pods/Target Support Files/Pods-spec_localProject/Pods-spec_localProject-resources.sh\"\n";
			showEnvVarsInLog = 0;
		};
		33C1C441A928AF5E4A0BE7A4 /* [CP] Embed Pods Frameworks */ = {
			isa = PBXShellScriptBuildPhase;
			buildActionMask = 2147483647;
			files = (
			);
			inputPaths = (
			);
			name = "[CP] Embed Pods Frameworks";
			outputPaths = (
			);
			runOnlyForDeploymentPostprocessing = 0;
			shellPath = /bin/sh;
			shellScript = "\"${SRCROOT}/Pods/Target Support Files/Pods-spec_localProject/Pods-spec_localProject-frameworks.sh\"\n";
			showEnvVarsInLog = 0;
		};
		3CA23406FA18A53DF90B9AC2 /* [CP] Check Pods Manifest.lock */ = {
			isa = PBXShellScriptBuildPhase;
			buildActionMask = 2147483647;
			files = (
			);
			inputPaths = (
				"${PODS_PODFILE_DIR_PATH}/Podfile.lock",
				"${PODS_ROOT}/Manifest.lock",
			);
			name = "[CP] Check Pods Manifest.lock";
			outputPaths = (
				"$(DERIVED_FILE_DIR)/Pods-spec_localProject-checkManifestLockResult.txt",
			);
			runOnlyForDeploymentPostprocessing = 0;
			shellPath = /bin/sh;
			shellScript = "diff \"${PODS_PODFILE_DIR_PATH}/Podfile.lock\" \"${PODS_ROOT}/Manifest.lock\" > /dev/null\nif [ $? != 0 ] ; then\n    # print error to STDERR\n    echo \"error: The sandbox is not in sync with the Podfile.lock. Run 'pod install' or update your CocoaPods installation.\" >&2\n    exit 1\nfi\n# This output is used by Xcode 'outputs' to avoid re-running this script phase.\necho \"SUCCESS\" > \"${SCRIPT_OUTPUT_FILE_0}\"\n";
			showEnvVarsInLog = 0;
		};
/* End PBXShellScriptBuildPhase section */

/* Begin PBXSourcesBuildPhase section */
		C0569D2020D501E8003BDCF0 /* Sources */ = {
			isa = PBXSourcesBuildPhase;
			buildActionMask = 2147483647;
			files = (
				C0B410D5214E2E8E00124F80 /* Invoker.m in Sources */,
				C0109970217A387E0039BD1D /* PushBViewController.m in Sources */,
				C073DC75214D642F00BE32B2 /* Factory.m in Sources */,
				C0EE2853210E12970077A345 /* AppDelegate.m in Sources */,
				C00E913B2175EE5C0004ED9F /* UIButton+Add.m in Sources */,
				C0B410A0214E150200124F80 /* FileViewController.m in Sources */,
				C073DC84214D6D8E00BE32B2 /* AbstractFactory.m in Sources */,
				C073DC55214D463700BE32B2 /* UITableView+Extend.m in Sources */,
				C0B410F5214E450700124F80 /* ManagerHandler.m in Sources */,
				C095DF7B216C58880027A425 /* LWPageControl.m in Sources */,
				C019C8CA21147EFF00C92750 /* GLView.mm in Sources */,
				C073DC4B214CABC800BE32B2 /* DesignModeViewController.m in Sources */,
				C019C8F121153D5100C92750 /* RenderingEngine1.cpp in Sources */,
				C012F107216CAC5C00E30DF5 /* LayerDrawInRectViewController.m in Sources */,
				C0B410CA214E295000124F80 /* OperationAdd.m in Sources */,
				C073DC93214DE75F00BE32B2 /* BaseCopyObj.m in Sources */,
				C0B410A1214E150200124F80 /* FileCell.m in Sources */,
				C073DC7B214D652800BE32B2 /* Pencil.m in Sources */,
				C0B41095214E102F00124F80 /* Flower.m in Sources */,
				C010996A217A386C0039BD1D /* PresntViewController.m in Sources */,
				C073DC78214D64A600BE32B2 /* Pen.m in Sources */,
				C0B410B6214E274F00124F80 /* GeliAirConditioner.m in Sources */,
				C0B410B5214E274F00124F80 /* AirConditioner.m in Sources */,
				C0B410F2214E450700124F80 /* ChairmanHandler.m in Sources */,
				C0B410B9214E274F00124F80 /* Remote.m in Sources */,
				C00E913E2175F6510004ED9F /* NSObject+Add.m in Sources */,
				C073DCAB214DF05B00BE32B2 /* BigView.m in Sources */,
				C0B410F4214E450700124F80 /* Order.m in Sources */,
				C0EE2860210E164A0077A345 /* BaseViewController.m in Sources */,
				C073DC9C214DE8F600BE32B2 /* ClassModel.m in Sources */,
				C012F10A216CAC7500E30DF5 /* MultithreadViewController.m in Sources */,
				C073DC96214DE89400BE32B2 /* Student.m in Sources */,
				C0B410F3214E450700124F80 /* GroupLeaderHandler.m in Sources */,
				C0B410C7214E295000124F80 /* OperationSubStract.m in Sources */,
				C073DC90214D756100BE32B2 /* DesignModeViewController+Extend.m in Sources */,
				C0B410E7214E432300124F80 /* ConcreteColleague.m in Sources */,
				C0B4109F214E150200124F80 /* File.m in Sources */,
				C0569D3720D501E8003BDCF0 /* main.m in Sources */,
				C0B410C8214E295000124F80 /* Context.m in Sources */,
				C07A09A8212160D200CD86CD /* CustomLayer.m in Sources */,
				C0B410DB214E3D8C00124F80 /* SubscibeCenter.m in Sources */,
				C0EE2859210E12DF0077A345 /* ResponderViewController.m in Sources */,
				C0EE2855210E12BB0077A345 /* ViewController.m in Sources */,
				C0B41092214E102500124F80 /* FlowerFactory.m in Sources */,
				C073DC87214D6E9000BE32B2 /* RefrigeratorFactory.m in Sources */,
				C012F0F9216C9CBB00E30DF5 /* ComponentViewController.m in Sources */,
				C0B410E6214E432300124F80 /* Colleague.m in Sources */,
				C00E91322175E3F90004ED9F /* LiveCell.m in Sources */,
				C0B41098214E14D100124F80 /* CompositePatternViewController.m in Sources */,
				C0B410D6214E2E8E00124F80 /* LighterCommand.m in Sources */,
				C073DCAE214DF28500BE32B2 /* SmallView.m in Sources */,
				C0B410B7214E274F00124F80 /* HaierAirConditioner.m in Sources */,
				C07A09AB2122957900CD86CD /* CustomLayerBezierPath.m in Sources */,
				C073DC7E214D653800BE32B2 /* BallpointPen.m in Sources */,
				C0B410D4214E2E8E00124F80 /* DarkerCommand.m in Sources */,
				C0B410A4214E1DCD00124F80 /* AppDelegate+Extend.m in Sources */,
				C0360F442119A226006381AD /* RenderingEngine2.cpp in Sources */,
				C010996D217A38750039BD1D /* PushAViewController.m in Sources */,
				C00E91352175E3F90004ED9F /* SUTableViewInterceptor.m in Sources */,
				C015FC2B2111B516009C8395 /* NSData+Extend.m in Sources */,
				C00E914E2176E7790004ED9F /* UIDevice+Type.m in Sources */,
				C0B410BA214E274F00124F80 /* TemperatureRemote.m in Sources */,
				C0B410C9214E295000124F80 /* OperationMultiply.m in Sources */,
				C0B410E5214E432300124F80 /* ConcreteMediator.m in Sources */,
				C0B410E4214E432300124F80 /* Mediator.m in Sources */,
				C019C8C121145FB200C92750 /* GLViewController.mm in Sources */,
				C0B410B8214E274F00124F80 /* DirectionRemote.m in Sources */,
				C0EE284F210E12780077A345 /* BGAlertView+BGAdd.m in Sources */,
				C010995B2179DCEA0039BD1D /* LWRoute.m in Sources */,
				C073DCA5214DED6E00BE32B2 /* extModel.m in Sources */,
				C073DC8A214D6EBD00BE32B2 /* MobilephoneFactory.m in Sources */,
				C073DC9F214DED2600BE32B2 /* ViewAdapter.m in Sources */,
				C0B410F6214E450700124F80 /* Handler.m in Sources */,
				C00E91342175E3F90004ED9F /* SUTableView.m in Sources */,
				C0EE2867210E19350077A345 /* NSString+Extend.m in Sources */,
				C0109973217A38950039BD1D /* RouteDisplayViewController.m in Sources */,
				C012F10E216CB06F00E30DF5 /* LWSerialQueueWaitsDownloadTask.m in Sources */,
				C010995E2179DD0F0039BD1D /* LWRouteRequest.m in Sources */,
				C0B410D7214E2E8E00124F80 /* Receiver.m in Sources */,
				C012F105216CAC5C00E30DF5 /* WebBrigdeObjcViewController.m in Sources */,
			);
			runOnlyForDeploymentPostprocessing = 0;
		};
		C0569D3820D501E8003BDCF0 /* Sources */ = {
			isa = PBXSourcesBuildPhase;
			buildActionMask = 2147483647;
			files = (
				C0569D4120D501E8003BDCF0 /* spec_localProjectTests.m in Sources */,
			);
			runOnlyForDeploymentPostprocessing = 0;
		};
		C0569D4320D501E8003BDCF0 /* Sources */ = {
			isa = PBXSourcesBuildPhase;
			buildActionMask = 2147483647;
			files = (
				C0569D4C20D501E8003BDCF0 /* spec_localProjectUITests.m in Sources */,
			);
			runOnlyForDeploymentPostprocessing = 0;
		};
/* End PBXSourcesBuildPhase section */

/* Begin PBXTargetDependency section */
		C0569D3E20D501E8003BDCF0 /* PBXTargetDependency */ = {
			isa = PBXTargetDependency;
			target = C0569D2320D501E8003BDCF0 /* spec_localProject */;
			targetProxy = C0569D3D20D501E8003BDCF0 /* PBXContainerItemProxy */;
		};
		C0569D4920D501E8003BDCF0 /* PBXTargetDependency */ = {
			isa = PBXTargetDependency;
			target = C0569D2320D501E8003BDCF0 /* spec_localProject */;
			targetProxy = C0569D4820D501E8003BDCF0 /* PBXContainerItemProxy */;
		};
/* End PBXTargetDependency section */

/* Begin PBXVariantGroup section */
		C0569D2D20D501E8003BDCF0 /* Main.storyboard */ = {
			isa = PBXVariantGroup;
			children = (
				C0569D2E20D501E8003BDCF0 /* Base */,
			);
			name = Main.storyboard;
			sourceTree = "<group>";
		};
		C0569D3220D501E8003BDCF0 /* LaunchScreen.storyboard */ = {
			isa = PBXVariantGroup;
			children = (
				C0569D3320D501E8003BDCF0 /* Base */,
			);
			name = LaunchScreen.storyboard;
			sourceTree = "<group>";
		};
/* End PBXVariantGroup section */

/* Begin XCBuildConfiguration section */
		C0569D4E20D501E8003BDCF0 /* Debug */ = {
			isa = XCBuildConfiguration;
			buildSettings = {
				ALWAYS_SEARCH_USER_PATHS = NO;
				CLANG_ANALYZER_NONNULL = YES;
				CLANG_ANALYZER_NUMBER_OBJECT_CONVERSION = YES_AGGRESSIVE;
				CLANG_CXX_LANGUAGE_STANDARD = "gnu++14";
				CLANG_CXX_LIBRARY = "libc++";
				CLANG_ENABLE_MODULES = YES;
				CLANG_ENABLE_OBJC_ARC = YES;
				CLANG_WARN_BLOCK_CAPTURE_AUTORELEASING = YES;
				CLANG_WARN_BOOL_CONVERSION = YES;
				CLANG_WARN_COMMA = YES;
				CLANG_WARN_CONSTANT_CONVERSION = YES;
				CLANG_WARN_DIRECT_OBJC_ISA_USAGE = YES_ERROR;
				CLANG_WARN_DOCUMENTATION_COMMENTS = YES;
				CLANG_WARN_EMPTY_BODY = YES;
				CLANG_WARN_ENUM_CONVERSION = YES;
				CLANG_WARN_INFINITE_RECURSION = YES;
				CLANG_WARN_INT_CONVERSION = YES;
				CLANG_WARN_NON_LITERAL_NULL_CONVERSION = YES;
				CLANG_WARN_OBJC_LITERAL_CONVERSION = YES;
				CLANG_WARN_OBJC_ROOT_CLASS = YES_ERROR;
				CLANG_WARN_RANGE_LOOP_ANALYSIS = YES;
				CLANG_WARN_STRICT_PROTOTYPES = YES;
				CLANG_WARN_SUSPICIOUS_MOVE = YES;
				CLANG_WARN_UNGUARDED_AVAILABILITY = YES_AGGRESSIVE;
				CLANG_WARN_UNREACHABLE_CODE = YES;
				CLANG_WARN__DUPLICATE_METHOD_MATCH = YES;
				CODE_SIGN_IDENTITY = "iPhone Developer";
				COPY_PHASE_STRIP = NO;
				DEBUG_INFORMATION_FORMAT = dwarf;
				ENABLE_STRICT_OBJC_MSGSEND = YES;
				ENABLE_TESTABILITY = YES;
				GCC_C_LANGUAGE_STANDARD = gnu11;
				GCC_DYNAMIC_NO_PIC = NO;
				GCC_NO_COMMON_BLOCKS = YES;
				GCC_OPTIMIZATION_LEVEL = 0;
				GCC_PREPROCESSOR_DEFINITIONS = (
					"DEBUG=1",
					"$(inherited)",
				);
				GCC_WARN_64_TO_32_BIT_CONVERSION = YES;
				GCC_WARN_ABOUT_RETURN_TYPE = YES_ERROR;
				GCC_WARN_UNDECLARED_SELECTOR = YES;
				GCC_WARN_UNINITIALIZED_AUTOS = YES_AGGRESSIVE;
				GCC_WARN_UNUSED_FUNCTION = YES;
				GCC_WARN_UNUSED_VARIABLE = YES;
				IPHONEOS_DEPLOYMENT_TARGET = 11.2;
				MTL_ENABLE_DEBUG_INFO = YES;
				ONLY_ACTIVE_ARCH = YES;
				SDKROOT = iphoneos;
			};
			name = Debug;
		};
		C0569D4F20D501E8003BDCF0 /* Release */ = {
			isa = XCBuildConfiguration;
			buildSettings = {
				ALWAYS_SEARCH_USER_PATHS = NO;
				CLANG_ANALYZER_NONNULL = YES;
				CLANG_ANALYZER_NUMBER_OBJECT_CONVERSION = YES_AGGRESSIVE;
				CLANG_CXX_LANGUAGE_STANDARD = "gnu++14";
				CLANG_CXX_LIBRARY = "libc++";
				CLANG_ENABLE_MODULES = YES;
				CLANG_ENABLE_OBJC_ARC = YES;
				CLANG_WARN_BLOCK_CAPTURE_AUTORELEASING = YES;
				CLANG_WARN_BOOL_CONVERSION = YES;
				CLANG_WARN_COMMA = YES;
				CLANG_WARN_CONSTANT_CONVERSION = YES;
				CLANG_WARN_DIRECT_OBJC_ISA_USAGE = YES_ERROR;
				CLANG_WARN_DOCUMENTATION_COMMENTS = YES;
				CLANG_WARN_EMPTY_BODY = YES;
				CLANG_WARN_ENUM_CONVERSION = YES;
				CLANG_WARN_INFINITE_RECURSION = YES;
				CLANG_WARN_INT_CONVERSION = YES;
				CLANG_WARN_NON_LITERAL_NULL_CONVERSION = YES;
				CLANG_WARN_OBJC_LITERAL_CONVERSION = YES;
				CLANG_WARN_OBJC_ROOT_CLASS = YES_ERROR;
				CLANG_WARN_RANGE_LOOP_ANALYSIS = YES;
				CLANG_WARN_STRICT_PROTOTYPES = YES;
				CLANG_WARN_SUSPICIOUS_MOVE = YES;
				CLANG_WARN_UNGUARDED_AVAILABILITY = YES_AGGRESSIVE;
				CLANG_WARN_UNREACHABLE_CODE = YES;
				CLANG_WARN__DUPLICATE_METHOD_MATCH = YES;
				CODE_SIGN_IDENTITY = "iPhone Developer";
				COPY_PHASE_STRIP = NO;
				DEBUG_INFORMATION_FORMAT = "dwarf-with-dsym";
				ENABLE_NS_ASSERTIONS = NO;
				ENABLE_STRICT_OBJC_MSGSEND = YES;
				GCC_C_LANGUAGE_STANDARD = gnu11;
				GCC_NO_COMMON_BLOCKS = YES;
				GCC_WARN_64_TO_32_BIT_CONVERSION = YES;
				GCC_WARN_ABOUT_RETURN_TYPE = YES_ERROR;
				GCC_WARN_UNDECLARED_SELECTOR = YES;
				GCC_WARN_UNINITIALIZED_AUTOS = YES_AGGRESSIVE;
				GCC_WARN_UNUSED_FUNCTION = YES;
				GCC_WARN_UNUSED_VARIABLE = YES;
				IPHONEOS_DEPLOYMENT_TARGET = 11.2;
				MTL_ENABLE_DEBUG_INFO = NO;
				SDKROOT = iphoneos;
				VALIDATE_PRODUCT = YES;
			};
			name = Release;
		};
		C0569D5120D501E8003BDCF0 /* Debug */ = {
			isa = XCBuildConfiguration;
			baseConfigurationReference = FEB47D5885EDEC15DEEFDBBD /* Pods-spec_localProject.debug.xcconfig */;
			buildSettings = {
				ASSETCATALOG_COMPILER_APPICON_NAME = AppIcon;
				CLANG_CXX_LANGUAGE_STANDARD = "compiler-default";
				CLANG_CXX_LIBRARY = "compiler-default";
				CODE_SIGN_STYLE = Automatic;
				DEVELOPMENT_TEAM = NFW829A9F4;
				GCC_INPUT_FILETYPE = sourcecode.cpp.objcpp;
				GCC_PRECOMPILE_PREFIX_HEADER = YES;
				GCC_PREFIX_HEADER = spec_localProject/PrefixHeader.pch;
				INFOPLIST_FILE = spec_localProject/Info.plist;
				LD_RUNPATH_SEARCH_PATHS = "$(inherited) @executable_path/Frameworks";
				PRODUCT_BUNDLE_IDENTIFIER = wangwz;
				PRODUCT_NAME = "$(TARGET_NAME)";
				TARGETED_DEVICE_FAMILY = "1,2";
			};
			name = Debug;
		};
		C0569D5220D501E8003BDCF0 /* Release */ = {
			isa = XCBuildConfiguration;
			baseConfigurationReference = F36132919D7EEE3B4F3057CD /* Pods-spec_localProject.release.xcconfig */;
			buildSettings = {
				ASSETCATALOG_COMPILER_APPICON_NAME = AppIcon;
				CLANG_CXX_LANGUAGE_STANDARD = "compiler-default";
				CLANG_CXX_LIBRARY = "compiler-default";
				CODE_SIGN_STYLE = Automatic;
				DEVELOPMENT_TEAM = NFW829A9F4;
				GCC_INPUT_FILETYPE = sourcecode.cpp.objcpp;
				GCC_PRECOMPILE_PREFIX_HEADER = YES;
				GCC_PREFIX_HEADER = spec_localProject/PrefixHeader.pch;
				INFOPLIST_FILE = spec_localProject/Info.plist;
				LD_RUNPATH_SEARCH_PATHS = "$(inherited) @executable_path/Frameworks";
				PRODUCT_BUNDLE_IDENTIFIER = wangwz;
				PRODUCT_NAME = "$(TARGET_NAME)";
				TARGETED_DEVICE_FAMILY = "1,2";
			};
			name = Release;
		};
		C0569D5420D501E8003BDCF0 /* Debug */ = {
			isa = XCBuildConfiguration;
			buildSettings = {
				BUNDLE_LOADER = "$(TEST_HOST)";
				CODE_SIGN_STYLE = Automatic;
				INFOPLIST_FILE = spec_localProjectTests/Info.plist;
				LD_RUNPATH_SEARCH_PATHS = "$(inherited) @executable_path/Frameworks @loader_path/Frameworks";
				PRODUCT_BUNDLE_IDENTIFIER = "fun.blackgold.spec-localProjectTests";
				PRODUCT_NAME = "$(TARGET_NAME)";
				TARGETED_DEVICE_FAMILY = "1,2";
				TEST_HOST = "$(BUILT_PRODUCTS_DIR)/spec_localProject.app/spec_localProject";
			};
			name = Debug;
		};
		C0569D5520D501E8003BDCF0 /* Release */ = {
			isa = XCBuildConfiguration;
			buildSettings = {
				BUNDLE_LOADER = "$(TEST_HOST)";
				CODE_SIGN_STYLE = Automatic;
				INFOPLIST_FILE = spec_localProjectTests/Info.plist;
				LD_RUNPATH_SEARCH_PATHS = "$(inherited) @executable_path/Frameworks @loader_path/Frameworks";
				PRODUCT_BUNDLE_IDENTIFIER = "fun.blackgold.spec-localProjectTests";
				PRODUCT_NAME = "$(TARGET_NAME)";
				TARGETED_DEVICE_FAMILY = "1,2";
				TEST_HOST = "$(BUILT_PRODUCTS_DIR)/spec_localProject.app/spec_localProject";
			};
			name = Release;
		};
		C0569D5720D501E8003BDCF0 /* Debug */ = {
			isa = XCBuildConfiguration;
			buildSettings = {
				CODE_SIGN_STYLE = Automatic;
				INFOPLIST_FILE = spec_localProjectUITests/Info.plist;
				LD_RUNPATH_SEARCH_PATHS = "$(inherited) @executable_path/Frameworks @loader_path/Frameworks";
				PRODUCT_BUNDLE_IDENTIFIER = "fun.blackgold.spec-localProjectUITests";
				PRODUCT_NAME = "$(TARGET_NAME)";
				TARGETED_DEVICE_FAMILY = "1,2";
				TEST_TARGET_NAME = spec_localProject;
			};
			name = Debug;
		};
		C0569D5820D501E8003BDCF0 /* Release */ = {
			isa = XCBuildConfiguration;
			buildSettings = {
				CODE_SIGN_STYLE = Automatic;
				INFOPLIST_FILE = spec_localProjectUITests/Info.plist;
				LD_RUNPATH_SEARCH_PATHS = "$(inherited) @executable_path/Frameworks @loader_path/Frameworks";
				PRODUCT_BUNDLE_IDENTIFIER = "fun.blackgold.spec-localProjectUITests";
				PRODUCT_NAME = "$(TARGET_NAME)";
				TARGETED_DEVICE_FAMILY = "1,2";
				TEST_TARGET_NAME = spec_localProject;
			};
			name = Release;
		};
/* End XCBuildConfiguration section */

/* Begin XCConfigurationList section */
		C0569D1F20D501E8003BDCF0 /* Build configuration list for PBXProject "spec_localProject" */ = {
			isa = XCConfigurationList;
			buildConfigurations = (
				C0569D4E20D501E8003BDCF0 /* Debug */,
				C0569D4F20D501E8003BDCF0 /* Release */,
			);
			defaultConfigurationIsVisible = 0;
			defaultConfigurationName = Release;
		};
		C0569D5020D501E8003BDCF0 /* Build configuration list for PBXNativeTarget "spec_localProject" */ = {
			isa = XCConfigurationList;
			buildConfigurations = (
				C0569D5120D501E8003BDCF0 /* Debug */,
				C0569D5220D501E8003BDCF0 /* Release */,
			);
			defaultConfigurationIsVisible = 0;
			defaultConfigurationName = Release;
		};
		C0569D5320D501E8003BDCF0 /* Build configuration list for PBXNativeTarget "spec_localProjectTests" */ = {
			isa = XCConfigurationList;
			buildConfigurations = (
				C0569D5420D501E8003BDCF0 /* Debug */,
				C0569D5520D501E8003BDCF0 /* Release */,
			);
			defaultConfigurationIsVisible = 0;
			defaultConfigurationName = Release;
		};
		C0569D5620D501E8003BDCF0 /* Build configuration list for PBXNativeTarget "spec_localProjectUITests" */ = {
			isa = XCConfigurationList;
			buildConfigurations = (
				C0569D5720D501E8003BDCF0 /* Debug */,
				C0569D5820D501E8003BDCF0 /* Release */,
			);
			defaultConfigurationIsVisible = 0;
			defaultConfigurationName = Release;
		};
/* End XCConfigurationList section */
	};
	rootObject = C0569D1C20D501E8003BDCF0 /* Project object */;
}
