// !$*UTF8*$!
{
	archiveVersion = 1;
	classes = {
	};
	objectVersion = 48;
	objects = {

/* Begin PBXBuildFile section */
		C015FC282111862A009C8395 /* Resource in Resources */ = {isa = PBXBuildFile; fileRef = C015FC272111862A009C8395 /* Resource */; };
		C015FC2B2111B516009C8395 /* NSData+Extend.m in Sources */ = {isa = PBXBuildFile; fileRef = C015FC2A2111B516009C8395 /* NSData+Extend.m */; };
		C019C8C121145FB200C92750 /* GLViewController.mm in Sources */ = {isa = PBXBuildFile; fileRef = C019C8C021145FB200C92750 /* GLViewController.mm */; };
		C019C8CA21147EFF00C92750 /* GLView.mm in Sources */ = {isa = PBXBuildFile; fileRef = C019C8C921147EFF00C92750 /* GLView.mm */; };
		C019C8D5211496CE00C92750 /* libc++.tbd in Frameworks */ = {isa = PBXBuildFile; fileRef = C019C8D4211496CE00C92750 /* libc++.tbd */; };
		C019C8F121153D5100C92750 /* RenderingEngine1.cpp in Sources */ = {isa = PBXBuildFile; fileRef = C019C8F021153D5100C92750 /* RenderingEngine1.cpp */; };
		C0360F442119A226006381AD /* RenderingEngine2.cpp in Sources */ = {isa = PBXBuildFile; fileRef = C0360F432119A226006381AD /* RenderingEngine2.cpp */; };
		C0360F482119A329006381AD /* Simple.frag in Resources */ = {isa = PBXBuildFile; fileRef = C0360F462119A329006381AD /* Simple.frag */; };
		C0360F492119A329006381AD /* Simple.vert in Resources */ = {isa = PBXBuildFile; fileRef = C0360F472119A329006381AD /* Simple.vert */; };
		C0569D2F20D501E8003BDCF0 /* Main.storyboard in Resources */ = {isa = PBXBuildFile; fileRef = C0569D2D20D501E8003BDCF0 /* Main.storyboard */; };
		C0569D3120D501E8003BDCF0 /* Assets.xcassets in Resources */ = {isa = PBXBuildFile; fileRef = C0569D3020D501E8003BDCF0 /* Assets.xcassets */; };
		C0569D3420D501E8003BDCF0 /* LaunchScreen.storyboard in Resources */ = {isa = PBXBuildFile; fileRef = C0569D3220D501E8003BDCF0 /* LaunchScreen.storyboard */; };
		C0569D3720D501E8003BDCF0 /* main.m in Sources */ = {isa = PBXBuildFile; fileRef = C0569D3620D501E8003BDCF0 /* main.m */; };
		C0569D4120D501E8003BDCF0 /* spec_localProjectTests.m in Sources */ = {isa = PBXBuildFile; fileRef = C0569D4020D501E8003BDCF0 /* spec_localProjectTests.m */; };
		C0569D4C20D501E8003BDCF0 /* spec_localProjectUITests.m in Sources */ = {isa = PBXBuildFile; fileRef = C0569D4B20D501E8003BDCF0 /* spec_localProjectUITests.m */; };
		C07A099B21215B2E00CD86CD /* LayerDrawInRectViewController.m in Sources */ = {isa = PBXBuildFile; fileRef = C07A099A21215B2E00CD86CD /* LayerDrawInRectViewController.m */; };
		C07A09A8212160D200CD86CD /* CustomLayer.m in Sources */ = {isa = PBXBuildFile; fileRef = C07A09A7212160D200CD86CD /* CustomLayer.m */; };
		C07A09AB2122957900CD86CD /* CustomLayerBezierPath.m in Sources */ = {isa = PBXBuildFile; fileRef = C07A09AA2122957900CD86CD /* CustomLayerBezierPath.m */; };
		C0EE284F210E12780077A345 /* BGAlertView+BGAdd.m in Sources */ = {isa = PBXBuildFile; fileRef = C0EE284D210E12780077A345 /* BGAlertView+BGAdd.m */; };
		C0EE2853210E12970077A345 /* AppDelegate.m in Sources */ = {isa = PBXBuildFile; fileRef = C0569D2820D501E8003BDCF0 /* AppDelegate.m */; };
		C0EE2855210E12BB0077A345 /* ViewController.m in Sources */ = {isa = PBXBuildFile; fileRef = C0569D2B20D501E8003BDCF0 /* ViewController.m */; };
		C0EE2859210E12DF0077A345 /* ResponderViewController.m in Sources */ = {isa = PBXBuildFile; fileRef = C0EE2858210E12DF0077A345 /* ResponderViewController.m */; };
		C0EE2860210E164A0077A345 /* BaseViewController.m in Sources */ = {isa = PBXBuildFile; fileRef = C0EE285F210E164A0077A345 /* BaseViewController.m */; };
		C0EE2864210E178E0077A345 /* IndexDesManager.m in Sources */ = {isa = PBXBuildFile; fileRef = C0EE2863210E178E0077A345 /* IndexDesManager.m */; };
		C0EE2867210E19350077A345 /* NSString+Extend.m in Sources */ = {isa = PBXBuildFile; fileRef = C0EE2866210E19350077A345 /* NSString+Extend.m */; };
		CE6D18ED699D56FF69699D48 /* libPods-spec_localProject.a in Frameworks */ = {isa = PBXBuildFile; fileRef = A8B1BB9BCE500DE94CC45E19 /* libPods-spec_localProject.a */; };
/* End PBXBuildFile section */

/* Begin PBXContainerItemProxy section */
		C0569D3D20D501E8003BDCF0 /* PBXContainerItemProxy */ = {
			isa = PBXContainerItemProxy;
			containerPortal = C0569D1C20D501E8003BDCF0 /* Project object */;
			proxyType = 1;
			remoteGlobalIDString = C0569D2320D501E8003BDCF0;
			remoteInfo = spec_localProject;
		};
		C0569D4820D501E8003BDCF0 /* PBXContainerItemProxy */ = {
			isa = PBXContainerItemProxy;
			containerPortal = C0569D1C20D501E8003BDCF0 /* Project object */;
			proxyType = 1;
			remoteGlobalIDString = C0569D2320D501E8003BDCF0;
			remoteInfo = spec_localProject;
		};
/* End PBXContainerItemProxy section */

/* Begin PBXFileReference section */
		A8B1BB9BCE500DE94CC45E19 /* libPods-spec_localProject.a */ = {isa = PBXFileReference; explicitFileType = archive.ar; includeInIndex = 0; path = "libPods-spec_localProject.a"; sourceTree = BUILT_PRODUCTS_DIR; };
		C015FC272111862A009C8395 /* Resource */ = {isa = PBXFileReference; lastKnownFileType = folder; path = Resource; sourceTree = "<group>"; };
		C015FC292111B516009C8395 /* NSData+Extend.h */ = {isa = PBXFileReference; lastKnownFileType = sourcecode.c.h; path = "NSData+Extend.h"; sourceTree = "<group>"; };
		C015FC2A2111B516009C8395 /* NSData+Extend.m */ = {isa = PBXFileReference; lastKnownFileType = sourcecode.c.objc; path = "NSData+Extend.m"; sourceTree = "<group>"; };
		C019C8BF21145FB200C92750 /* GLViewController.h */ = {isa = PBXFileReference; lastKnownFileType = sourcecode.c.h; path = GLViewController.h; sourceTree = "<group>"; };
		C019C8C021145FB200C92750 /* GLViewController.mm */ = {isa = PBXFileReference; lastKnownFileType = sourcecode.cpp.objcpp; path = GLViewController.mm; sourceTree = "<group>"; };
		C019C8C821147EFF00C92750 /* GLView.h */ = {isa = PBXFileReference; lastKnownFileType = sourcecode.c.h; path = GLView.h; sourceTree = "<group>"; };
		C019C8C921147EFF00C92750 /* GLView.mm */ = {isa = PBXFileReference; lastKnownFileType = sourcecode.cpp.objcpp; path = GLView.mm; sourceTree = "<group>"; };
		C019C8D4211496CE00C92750 /* libc++.tbd */ = {isa = PBXFileReference; lastKnownFileType = "sourcecode.text-based-dylib-definition"; name = "libc++.tbd"; path = "usr/lib/libc++.tbd"; sourceTree = SDKROOT; };
		C019C8EF21153D5100C92750 /* IRenderingEngine.hpp */ = {isa = PBXFileReference; fileEncoding = 4; lastKnownFileType = sourcecode.cpp.h; path = IRenderingEngine.hpp; sourceTree = "<group>"; };
		C019C8F021153D5100C92750 /* RenderingEngine1.cpp */ = {isa = PBXFileReference; fileEncoding = 4; lastKnownFileType = sourcecode.cpp.cpp; path = RenderingEngine1.cpp; sourceTree = "<group>"; };
		C0360F432119A226006381AD /* RenderingEngine2.cpp */ = {isa = PBXFileReference; lastKnownFileType = sourcecode.cpp.cpp; path = RenderingEngine2.cpp; sourceTree = "<group>"; };
		C0360F462119A329006381AD /* Simple.frag */ = {isa = PBXFileReference; fileEncoding = 4; lastKnownFileType = sourcecode.glsl; path = Simple.frag; sourceTree = "<group>"; };
		C0360F472119A329006381AD /* Simple.vert */ = {isa = PBXFileReference; fileEncoding = 4; lastKnownFileType = sourcecode.glsl; path = Simple.vert; sourceTree = "<group>"; };
		C0569D2420D501E8003BDCF0 /* spec_localProject.app */ = {isa = PBXFileReference; explicitFileType = wrapper.application; includeInIndex = 0; path = spec_localProject.app; sourceTree = BUILT_PRODUCTS_DIR; };
		C0569D2720D501E8003BDCF0 /* AppDelegate.h */ = {isa = PBXFileReference; lastKnownFileType = sourcecode.c.h; path = AppDelegate.h; sourceTree = "<group>"; };
		C0569D2820D501E8003BDCF0 /* AppDelegate.m */ = {isa = PBXFileReference; lastKnownFileType = sourcecode.c.objc; path = AppDelegate.m; sourceTree = "<group>"; };
		C0569D2A20D501E8003BDCF0 /* ViewController.h */ = {isa = PBXFileReference; lastKnownFileType = sourcecode.c.h; path = ViewController.h; sourceTree = "<group>"; };
		C0569D2B20D501E8003BDCF0 /* ViewController.m */ = {isa = PBXFileReference; lastKnownFileType = sourcecode.c.objc; path = ViewController.m; sourceTree = "<group>"; };
		C0569D2E20D501E8003BDCF0 /* Base */ = {isa = PBXFileReference; lastKnownFileType = file.storyboard; name = Base; path = Base.lproj/Main.storyboard; sourceTree = "<group>"; };
		C0569D3020D501E8003BDCF0 /* Assets.xcassets */ = {isa = PBXFileReference; lastKnownFileType = folder.assetcatalog; path = Assets.xcassets; sourceTree = "<group>"; };
		C0569D3320D501E8003BDCF0 /* Base */ = {isa = PBXFileReference; lastKnownFileType = file.storyboard; name = Base; path = Base.lproj/LaunchScreen.storyboard; sourceTree = "<group>"; };
		C0569D3520D501E8003BDCF0 /* Info.plist */ = {isa = PBXFileReference; lastKnownFileType = text.plist.xml; path = Info.plist; sourceTree = "<group>"; };
		C0569D3620D501E8003BDCF0 /* main.m */ = {isa = PBXFileReference; lastKnownFileType = sourcecode.c.objc; path = main.m; sourceTree = "<group>"; };
		C0569D3C20D501E8003BDCF0 /* spec_localProjectTests.xctest */ = {isa = PBXFileReference; explicitFileType = wrapper.cfbundle; includeInIndex = 0; path = spec_localProjectTests.xctest; sourceTree = BUILT_PRODUCTS_DIR; };
		C0569D4020D501E8003BDCF0 /* spec_localProjectTests.m */ = {isa = PBXFileReference; lastKnownFileType = sourcecode.c.objc; path = spec_localProjectTests.m; sourceTree = "<group>"; };
		C0569D4220D501E8003BDCF0 /* Info.plist */ = {isa = PBXFileReference; lastKnownFileType = text.plist.xml; path = Info.plist; sourceTree = "<group>"; };
		C0569D4720D501E8003BDCF0 /* spec_localProjectUITests.xctest */ = {isa = PBXFileReference; explicitFileType = wrapper.cfbundle; includeInIndex = 0; path = spec_localProjectUITests.xctest; sourceTree = BUILT_PRODUCTS_DIR; };
		C0569D4B20D501E8003BDCF0 /* spec_localProjectUITests.m */ = {isa = PBXFileReference; lastKnownFileType = sourcecode.c.objc; path = spec_localProjectUITests.m; sourceTree = "<group>"; };
		C0569D4D20D501E8003BDCF0 /* Info.plist */ = {isa = PBXFileReference; lastKnownFileType = text.plist.xml; path = Info.plist; sourceTree = "<group>"; };
		C07A099921215B2E00CD86CD /* LayerDrawInRectViewController.h */ = {isa = PBXFileReference; lastKnownFileType = sourcecode.c.h; path = LayerDrawInRectViewController.h; sourceTree = "<group>"; };
		C07A099A21215B2E00CD86CD /* LayerDrawInRectViewController.m */ = {isa = PBXFileReference; lastKnownFileType = sourcecode.c.objc; path = LayerDrawInRectViewController.m; sourceTree = "<group>"; };
		C07A09A6212160D200CD86CD /* CustomLayer.h */ = {isa = PBXFileReference; lastKnownFileType = sourcecode.c.h; path = CustomLayer.h; sourceTree = "<group>"; };
		C07A09A7212160D200CD86CD /* CustomLayer.m */ = {isa = PBXFileReference; lastKnownFileType = sourcecode.c.objc; path = CustomLayer.m; sourceTree = "<group>"; };
		C07A09A92122957900CD86CD /* CustomLayerBezierPath.h */ = {isa = PBXFileReference; lastKnownFileType = sourcecode.c.h; path = CustomLayerBezierPath.h; sourceTree = "<group>"; };
		C07A09AA2122957900CD86CD /* CustomLayerBezierPath.m */ = {isa = PBXFileReference; lastKnownFileType = sourcecode.c.objc; path = CustomLayerBezierPath.m; sourceTree = "<group>"; };
		C0E5FF6C211099CE00E12A50 /* PrefixHeader.pch */ = {isa = PBXFileReference; lastKnownFileType = sourcecode.c.h; path = PrefixHeader.pch; sourceTree = "<group>"; };
		C0E5FF6D21109EA600E12A50 /* ListIndex.h */ = {isa = PBXFileReference; lastKnownFileType = sourcecode.c.h; path = ListIndex.h; sourceTree = "<group>"; };
		C0EE284C210E12780077A345 /* BGAlertView+BGAdd.h */ = {isa = PBXFileReference; fileEncoding = 4; lastKnownFileType = sourcecode.c.h; path = "BGAlertView+BGAdd.h"; sourceTree = "<group>"; };
		C0EE284D210E12780077A345 /* BGAlertView+BGAdd.m */ = {isa = PBXFileReference; fileEncoding = 4; lastKnownFileType = sourcecode.c.objc; path = "BGAlertView+BGAdd.m"; sourceTree = "<group>"; };
		C0EE2857210E12DF0077A345 /* ResponderViewController.h */ = {isa = PBXFileReference; lastKnownFileType = sourcecode.c.h; path = ResponderViewController.h; sourceTree = "<group>"; };
		C0EE2858210E12DF0077A345 /* ResponderViewController.m */ = {isa = PBXFileReference; lastKnownFileType = sourcecode.c.objc; path = ResponderViewController.m; sourceTree = "<group>"; };
		C0EE285E210E164A0077A345 /* BaseViewController.h */ = {isa = PBXFileReference; lastKnownFileType = sourcecode.c.h; path = BaseViewController.h; sourceTree = "<group>"; };
		C0EE285F210E164A0077A345 /* BaseViewController.m */ = {isa = PBXFileReference; lastKnownFileType = sourcecode.c.objc; path = BaseViewController.m; sourceTree = "<group>"; };
		C0EE2862210E178E0077A345 /* IndexDesManager.h */ = {isa = PBXFileReference; lastKnownFileType = sourcecode.c.h; path = IndexDesManager.h; sourceTree = "<group>"; };
		C0EE2863210E178E0077A345 /* IndexDesManager.m */ = {isa = PBXFileReference; lastKnownFileType = sourcecode.c.objc; path = IndexDesManager.m; sourceTree = "<group>"; };
		C0EE2865210E19350077A345 /* NSString+Extend.h */ = {isa = PBXFileReference; lastKnownFileType = sourcecode.c.h; path = "NSString+Extend.h"; sourceTree = "<group>"; };
		C0EE2866210E19350077A345 /* NSString+Extend.m */ = {isa = PBXFileReference; lastKnownFileType = sourcecode.c.objc; path = "NSString+Extend.m"; sourceTree = "<group>"; };
		C0EE2869210E1B2E0077A345 /* Marco.h */ = {isa = PBXFileReference; lastKnownFileType = sourcecode.c.h; path = Marco.h; sourceTree = "<group>"; };
		F36132919D7EEE3B4F3057CD /* Pods-spec_localProject.release.xcconfig */ = {isa = PBXFileReference; includeInIndex = 1; lastKnownFileType = text.xcconfig; name = "Pods-spec_localProject.release.xcconfig"; path = "Pods/Target Support Files/Pods-spec_localProject/Pods-spec_localProject.release.xcconfig"; sourceTree = "<group>"; };
		FEB47D5885EDEC15DEEFDBBD /* Pods-spec_localProject.debug.xcconfig */ = {isa = PBXFileReference; includeInIndex = 1; lastKnownFileType = text.xcconfig; name = "Pods-spec_localProject.debug.xcconfig"; path = "Pods/Target Support Files/Pods-spec_localProject/Pods-spec_localProject.debug.xcconfig"; sourceTree = "<group>"; };
/* End PBXFileReference section */

/* Begin PBXFrameworksBuildPhase section */
		C0569D2120D501E8003BDCF0 /* Frameworks */ = {
			isa = PBXFrameworksBuildPhase;
			buildActionMask = 2147483647;
			files = (
				C019C8D5211496CE00C92750 /* libc++.tbd in Frameworks */,
				CE6D18ED699D56FF69699D48 /* libPods-spec_localProject.a in Frameworks */,
			);
			runOnlyForDeploymentPostprocessing = 0;
		};
		C0569D3920D501E8003BDCF0 /* Frameworks */ = {
			isa = PBXFrameworksBuildPhase;
			buildActionMask = 2147483647;
			files = (
			);
			runOnlyForDeploymentPostprocessing = 0;
		};
		C0569D4420D501E8003BDCF0 /* Frameworks */ = {
			isa = PBXFrameworksBuildPhase;
			buildActionMask = 2147483647;
			files = (
			);
			runOnlyForDeploymentPostprocessing = 0;
		};
/* End PBXFrameworksBuildPhase section */

/* Begin PBXGroup section */
		292814EE8BC2C7F946459F97 /* Pods */ = {
			isa = PBXGroup;
			children = (
				FEB47D5885EDEC15DEEFDBBD /* Pods-spec_localProject.debug.xcconfig */,
				F36132919D7EEE3B4F3057CD /* Pods-spec_localProject.release.xcconfig */,
			);
			name = Pods;
			sourceTree = "<group>";
		};
		37BA428183F0D93B062D9409 /* Frameworks */ = {
			isa = PBXGroup;
			children = (
				C019C8D4211496CE00C92750 /* libc++.tbd */,
				A8B1BB9BCE500DE94CC45E19 /* libPods-spec_localProject.a */,
			);
			name = Frameworks;
			sourceTree = "<group>";
		};
		C019C8BE21145FA000C92750 /* OpenGLES */ = {
			isa = PBXGroup;
			children = (
				C019C8BF21145FB200C92750 /* GLViewController.h */,
				C019C8C021145FB200C92750 /* GLViewController.mm */,
			);
			path = OpenGLES;
			sourceTree = "<group>";
		};
		C019C8C221147EBD00C92750 /* ViewModels */ = {
			isa = PBXGroup;
			children = (
			);
			path = ViewModels;
			sourceTree = "<group>";
		};
		C019C8C321147EBD00C92750 /* Views */ = {
			isa = PBXGroup;
			children = (
				C07A099C2121606800CD86CD /* Img&Animation */,
				C019C8C721147ED700C92750 /* OpenGLES */,
			);
			path = Views;
			sourceTree = "<group>";
		};
		C019C8C421147EBD00C92750 /* Extends */ = {
			isa = PBXGroup;
			children = (
				C019C8EE21153D5100C92750 /* OpenGLES */,
			);
			path = Extends;
			sourceTree = "<group>";
		};
		C019C8C521147EBD00C92750 /* Models */ = {
			isa = PBXGroup;
			children = (
			);
			path = Models;
			sourceTree = "<group>";
		};
		C019C8C621147EBD00C92750 /* Cells */ = {
			isa = PBXGroup;
			children = (
			);
			path = Cells;
			sourceTree = "<group>";
		};
		C019C8C721147ED700C92750 /* OpenGLES */ = {
			isa = PBXGroup;
			children = (
				C019C8C821147EFF00C92750 /* GLView.h */,
				C019C8C921147EFF00C92750 /* GLView.mm */,
			);
			path = OpenGLES;
			sourceTree = "<group>";
		};
		C019C8EE21153D5100C92750 /* OpenGLES */ = {
			isa = PBXGroup;
			children = (
				C019C8EF21153D5100C92750 /* IRenderingEngine.hpp */,
				C019C8F021153D5100C92750 /* RenderingEngine1.cpp */,
				C0360F432119A226006381AD /* RenderingEngine2.cpp */,
			);
			path = OpenGLES;
			sourceTree = "<group>";
		};
		C0360F452119A329006381AD /* Shaders */ = {
			isa = PBXGroup;
			children = (
				C0360F462119A329006381AD /* Simple.frag */,
				C0360F472119A329006381AD /* Simple.vert */,
			);
			path = Shaders;
			sourceTree = "<group>";
		};
		C0569D1B20D501E8003BDCF0 = {
			isa = PBXGroup;
			children = (
				C0569D2620D501E8003BDCF0 /* spec_localProject */,
				C0569D3F20D501E8003BDCF0 /* spec_localProjectTests */,
				C0569D4A20D501E8003BDCF0 /* spec_localProjectUITests */,
				C0569D2520D501E8003BDCF0 /* Products */,
				292814EE8BC2C7F946459F97 /* Pods */,
				37BA428183F0D93B062D9409 /* Frameworks */,
			);
			sourceTree = "<group>";
		};
		C0569D2520D501E8003BDCF0 /* Products */ = {
			isa = PBXGroup;
			children = (
				C0569D2420D501E8003BDCF0 /* spec_localProject.app */,
				C0569D3C20D501E8003BDCF0 /* spec_localProjectTests.xctest */,
				C0569D4720D501E8003BDCF0 /* spec_localProjectUITests.xctest */,
			);
			name = Products;
			sourceTree = "<group>";
		};
		C0569D2620D501E8003BDCF0 /* spec_localProject */ = {
			isa = PBXGroup;
			children = (
				C0E5FF6C211099CE00E12A50 /* PrefixHeader.pch */,
				C0569D2720D501E8003BDCF0 /* AppDelegate.h */,
				C0569D2820D501E8003BDCF0 /* AppDelegate.m */,
				C0569D3520D501E8003BDCF0 /* Info.plist */,
				C015FC272111862A009C8395 /* Resource */,
				C0EE2856210E12C10077A345 /* Luanch */,
				C0EE284A210E12780077A345 /* Project */,
			);
			path = spec_localProject;
			sourceTree = "<group>";
		};
		C0569D3F20D501E8003BDCF0 /* spec_localProjectTests */ = {
			isa = PBXGroup;
			children = (
				C0569D3020D501E8003BDCF0 /* Assets.xcassets */,
				C0569D4020D501E8003BDCF0 /* spec_localProjectTests.m */,
				C0569D4220D501E8003BDCF0 /* Info.plist */,
			);
			path = spec_localProjectTests;
			sourceTree = "<group>";
		};
		C0569D4A20D501E8003BDCF0 /* spec_localProjectUITests */ = {
			isa = PBXGroup;
			children = (
				C0569D4B20D501E8003BDCF0 /* spec_localProjectUITests.m */,
				C0569D4D20D501E8003BDCF0 /* Info.plist */,
			);
			path = spec_localProjectUITests;
			sourceTree = "<group>";
		};
		C07A0998212159EB00CD86CD /* Img&Animation */ = {
			isa = PBXGroup;
			children = (
				C07A099921215B2E00CD86CD /* LayerDrawInRectViewController.h */,
				C07A099A21215B2E00CD86CD /* LayerDrawInRectViewController.m */,
			);
			path = "Img&Animation";
			sourceTree = "<group>";
		};
		C07A099C2121606800CD86CD /* Img&Animation */ = {
			isa = PBXGroup;
			children = (
				C07A09A6212160D200CD86CD /* CustomLayer.h */,
				C07A09A7212160D200CD86CD /* CustomLayer.m */,
				C07A09A92122957900CD86CD /* CustomLayerBezierPath.h */,
				C07A09AA2122957900CD86CD /* CustomLayerBezierPath.m */,
			);
			path = "Img&Animation";
			sourceTree = "<group>";
		};
		C0EE284A210E12780077A345 /* Project */ = {
			isa = PBXGroup;
			children = (
				C0360F452119A329006381AD /* Shaders */,
				C019C8C621147EBD00C92750 /* Cells */,
				C019C8C421147EBD00C92750 /* Extends */,
				C019C8C521147EBD00C92750 /* Models */,
				C019C8C221147EBD00C92750 /* ViewModels */,
				C019C8C321147EBD00C92750 /* Views */,
				C0EE2868210E1B250077A345 /* Headers */,
				C0EE2861210E177C0077A345 /* Managers */,
				C0EE285A210E16360077A345 /* Bases */,
				C0EE284B210E12780077A345 /* Categorys */,
				C0EE284E210E12780077A345 /* ViewControllers */,
			);
			path = Project;
			sourceTree = "<group>";
		};
		C0EE284B210E12780077A345 /* Categorys */ = {
			isa = PBXGroup;
			children = (
				C0EE284C210E12780077A345 /* BGAlertView+BGAdd.h */,
				C0EE284D210E12780077A345 /* BGAlertView+BGAdd.m */,
				C0EE2865210E19350077A345 /* NSString+Extend.h */,
				C0EE2866210E19350077A345 /* NSString+Extend.m */,
				C015FC292111B516009C8395 /* NSData+Extend.h */,
				C015FC2A2111B516009C8395 /* NSData+Extend.m */,
			);
			path = Categorys;
			sourceTree = "<group>";
		};
		C0EE284E210E12780077A345 /* ViewControllers */ = {
			isa = PBXGroup;
			children = (
				C07A0998212159EB00CD86CD /* Img&Animation */,
				C019C8BE21145FA000C92750 /* OpenGLES */,
				C0EE2857210E12DF0077A345 /* ResponderViewController.h */,
				C0EE2858210E12DF0077A345 /* ResponderViewController.m */,
			);
			path = ViewControllers;
			sourceTree = "<group>";
		};
		C0EE2856210E12C10077A345 /* Luanch */ = {
			isa = PBXGroup;
			children = (
				C0569D3220D501E8003BDCF0 /* LaunchScreen.storyboard */,
				C0569D2D20D501E8003BDCF0 /* Main.storyboard */,
				C0569D2A20D501E8003BDCF0 /* ViewController.h */,
				C0569D2B20D501E8003BDCF0 /* ViewController.m */,
				C0569D3620D501E8003BDCF0 /* main.m */,
			);
			path = Luanch;
			sourceTree = "<group>";
		};
		C0EE285A210E16360077A345 /* Bases */ = {
			isa = PBXGroup;
			children = (
				C0EE285E210E164A0077A345 /* BaseViewController.h */,
				C0EE285F210E164A0077A345 /* BaseViewController.m */,
			);
			path = Bases;
			sourceTree = "<group>";
		};
		C0EE2861210E177C0077A345 /* Managers */ = {
			isa = PBXGroup;
			children = (
				C0EE2862210E178E0077A345 /* IndexDesManager.h */,
				C0EE2863210E178E0077A345 /* IndexDesManager.m */,
			);
			path = Managers;
			sourceTree = "<group>";
		};
		C0EE2868210E1B250077A345 /* Headers */ = {
			isa = PBXGroup;
			children = (
				C0EE2869210E1B2E0077A345 /* Marco.h */,
				C0E5FF6D21109EA600E12A50 /* ListIndex.h */,
			);
			path = Headers;
			sourceTree = "<group>";
		};
/* End PBXGroup section */

/* Begin PBXNativeTarget section */
		C0569D2320D501E8003BDCF0 /* spec_localProject */ = {
			isa = PBXNativeTarget;
			buildConfigurationList = C0569D5020D501E8003BDCF0 /* Build configuration list for PBXNativeTarget "spec_localProject" */;
			buildPhases = (
				3CA23406FA18A53DF90B9AC2 /* [CP] Check Pods Manifest.lock */,
				C0569D2020D501E8003BDCF0 /* Sources */,
				C0569D2120D501E8003BDCF0 /* Frameworks */,
				C0569D2220D501E8003BDCF0 /* Resources */,
				33C1C441A928AF5E4A0BE7A4 /* [CP] Embed Pods Frameworks */,
				32226EB6603C5EE7BCDDD2E6 /* [CP] Copy Pods Resources */,
			);
			buildRules = (
			);
			dependencies = (
			);
			name = spec_localProject;
			productName = spec_localProject;
			productReference = C0569D2420D501E8003BDCF0 /* spec_localProject.app */;
			productType = "com.apple.product-type.application";
		};
		C0569D3B20D501E8003BDCF0 /* spec_localProjectTests */ = {
			isa = PBXNativeTarget;
			buildConfigurationList = C0569D5320D501E8003BDCF0 /* Build configuration list for PBXNativeTarget "spec_localProjectTests" */;
			buildPhases = (
				C0569D3820D501E8003BDCF0 /* Sources */,
				C0569D3920D501E8003BDCF0 /* Frameworks */,
				C0569D3A20D501E8003BDCF0 /* Resources */,
			);
			buildRules = (
			);
			dependencies = (
				C0569D3E20D501E8003BDCF0 /* PBXTargetDependency */,
			);
			name = spec_localProjectTests;
			productName = spec_localProjectTests;
			productReference = C0569D3C20D501E8003BDCF0 /* spec_localProjectTests.xctest */;
			productType = "com.apple.product-type.bundle.unit-test";
		};
		C0569D4620D501E8003BDCF0 /* spec_localProjectUITests */ = {
			isa = PBXNativeTarget;
			buildConfigurationList = C0569D5620D501E8003BDCF0 /* Build configuration list for PBXNativeTarget "spec_localProjectUITests" */;
			buildPhases = (
				C0569D4320D501E8003BDCF0 /* Sources */,
				C0569D4420D501E8003BDCF0 /* Frameworks */,
				C0569D4520D501E8003BDCF0 /* Resources */,
			);
			buildRules = (
			);
			dependencies = (
				C0569D4920D501E8003BDCF0 /* PBXTargetDependency */,
			);
			name = spec_localProjectUITests;
			productName = spec_localProjectUITests;
			productReference = C0569D4720D501E8003BDCF0 /* spec_localProjectUITests.xctest */;
			productType = "com.apple.product-type.bundle.ui-testing";
		};
/* End PBXNativeTarget section */

/* Begin PBXProject section */
		C0569D1C20D501E8003BDCF0 /* Project object */ = {
			isa = PBXProject;
			attributes = {
				LastUpgradeCheck = 0920;
				ORGANIZATIONNAME = Little.Daddly;
				TargetAttributes = {
					C0569D2320D501E8003BDCF0 = {
						CreatedOnToolsVersion = 9.2;
						ProvisioningStyle = Automatic;
						SystemCapabilities = {
							com.apple.BackgroundModes = {
								enabled = 0;
							};
						};
					};
					C0569D3B20D501E8003BDCF0 = {
						CreatedOnToolsVersion = 9.2;
						ProvisioningStyle = Automatic;
						TestTargetID = C0569D2320D501E8003BDCF0;
					};
					C0569D4620D501E8003BDCF0 = {
						CreatedOnToolsVersion = 9.2;
						ProvisioningStyle = Automatic;
						TestTargetID = C0569D2320D501E8003BDCF0;
					};
				};
			};
			buildConfigurationList = C0569D1F20D501E8003BDCF0 /* Build configuration list for PBXProject "spec_localProject" */;
			compatibilityVersion = "Xcode 8.0";
			developmentRegion = en;
			hasScannedForEncodings = 0;
			knownRegions = (
				en,
				Base,
			);
			mainGroup = C0569D1B20D501E8003BDCF0;
			productRefGroup = C0569D2520D501E8003BDCF0 /* Products */;
			projectDirPath = "";
			projectRoot = "";
			targets = (
				C0569D2320D501E8003BDCF0 /* spec_localProject */,
				C0569D3B20D501E8003BDCF0 /* spec_localProjectTests */,
				C0569D4620D501E8003BDCF0 /* spec_localProjectUITests */,
			);
		};
/* End PBXProject section */

/* Begin PBXResourcesBuildPhase section */
		C0569D2220D501E8003BDCF0 /* Resources */ = {
			isa = PBXResourcesBuildPhase;
			buildActionMask = 2147483647;
			files = (
				C0360F482119A329006381AD /* Simple.frag in Resources */,
				C015FC282111862A009C8395 /* Resource in Resources */,
				C0569D3420D501E8003BDCF0 /* LaunchScreen.storyboard in Resources */,
				C0569D3120D501E8003BDCF0 /* Assets.xcassets in Resources */,
				C0360F492119A329006381AD /* Simple.vert in Resources */,
				C0569D2F20D501E8003BDCF0 /* Main.storyboard in Resources */,
			);
			runOnlyForDeploymentPostprocessing = 0;
		};
		C0569D3A20D501E8003BDCF0 /* Resources */ = {
			isa = PBXResourcesBuildPhase;
			buildActionMask = 2147483647;
			files = (
			);
			runOnlyForDeploymentPostprocessing = 0;
		};
		C0569D4520D501E8003BDCF0 /* Resources */ = {
			isa = PBXResourcesBuildPhase;
			buildActionMask = 2147483647;
			files = (
			);
			runOnlyForDeploymentPostprocessing = 0;
		};
/* End PBXResourcesBuildPhase section */

/* Begin PBXShellScriptBuildPhase section */
		32226EB6603C5EE7BCDDD2E6 /* [CP] Copy Pods Resources */ = {
			isa = PBXShellScriptBuildPhase;
			buildActionMask = 2147483647;
			files = (
			);
			inputPaths = (
			);
			name = "[CP] Copy Pods Resources";
			outputPaths = (
			);
			runOnlyForDeploymentPostprocessing = 0;
			shellPath = /bin/sh;
			shellScript = "\"${SRCROOT}/Pods/Target Support Files/Pods-spec_localProject/Pods-spec_localProject-resources.sh\"\n";
			showEnvVarsInLog = 0;
		};
		33C1C441A928AF5E4A0BE7A4 /* [CP] Embed Pods Frameworks */ = {
			isa = PBXShellScriptBuildPhase;
			buildActionMask = 2147483647;
			files = (
			);
			inputPaths = (
			);
			name = "[CP] Embed Pods Frameworks";
			outputPaths = (
			);
			runOnlyForDeploymentPostprocessing = 0;
			shellPath = /bin/sh;
			shellScript = "\"${SRCROOT}/Pods/Target Support Files/Pods-spec_localProject/Pods-spec_localProject-frameworks.sh\"\n";
			showEnvVarsInLog = 0;
		};
		3CA23406FA18A53DF90B9AC2 /* [CP] Check Pods Manifest.lock */ = {
			isa = PBXShellScriptBuildPhase;
			buildActionMask = 2147483647;
			files = (
			);
			inputPaths = (
				"${PODS_PODFILE_DIR_PATH}/Podfile.lock",
				"${PODS_ROOT}/Manifest.lock",
			);
			name = "[CP] Check Pods Manifest.lock";
			outputPaths = (
				"$(DERIVED_FILE_DIR)/Pods-spec_localProject-checkManifestLockResult.txt",
			);
			runOnlyForDeploymentPostprocessing = 0;
			shellPath = /bin/sh;
			shellScript = "diff \"${PODS_PODFILE_DIR_PATH}/Podfile.lock\" \"${PODS_ROOT}/Manifest.lock\" > /dev/null\nif [ $? != 0 ] ; then\n    # print error to STDERR\n    echo \"error: The sandbox is not in sync with the Podfile.lock. Run 'pod install' or update your CocoaPods installation.\" >&2\n    exit 1\nfi\n# This output is used by Xcode 'outputs' to avoid re-running this script phase.\necho \"SUCCESS\" > \"${SCRIPT_OUTPUT_FILE_0}\"\n";
			showEnvVarsInLog = 0;
		};
/* End PBXShellScriptBuildPhase section */

/* Begin PBXSourcesBuildPhase section */
		C0569D2020D501E8003BDCF0 /* Sources */ = {
			isa = PBXSourcesBuildPhase;
			buildActionMask = 2147483647;
			files = (
				C0EE2853210E12970077A345 /* AppDelegate.m in Sources */,
				C019C8CA21147EFF00C92750 /* GLView.mm in Sources */,
				C019C8F121153D5100C92750 /* RenderingEngine1.cpp in Sources */,
				C0EE2860210E164A0077A345 /* BaseViewController.m in Sources */,
				C0569D3720D501E8003BDCF0 /* main.m in Sources */,
				C07A09A8212160D200CD86CD /* CustomLayer.m in Sources */,
				C0EE2859210E12DF0077A345 /* ResponderViewController.m in Sources */,
				C0EE2855210E12BB0077A345 /* ViewController.m in Sources */,
				C07A09AB2122957900CD86CD /* CustomLayerBezierPath.m in Sources */,
				C0EE2864210E178E0077A345 /* IndexDesManager.m in Sources */,
				C0360F442119A226006381AD /* RenderingEngine2.cpp in Sources */,
				C015FC2B2111B516009C8395 /* NSData+Extend.m in Sources */,
				C019C8C121145FB200C92750 /* GLViewController.mm in Sources */,
				C07A099B21215B2E00CD86CD /* LayerDrawInRectViewController.m in Sources */,
				C0EE284F210E12780077A345 /* BGAlertView+BGAdd.m in Sources */,
				C0EE2867210E19350077A345 /* NSString+Extend.m in Sources */,
			);
			runOnlyForDeploymentPostprocessing = 0;
		};
		C0569D3820D501E8003BDCF0 /* Sources */ = {
			isa = PBXSourcesBuildPhase;
			buildActionMask = 2147483647;
			files = (
				C0569D4120D501E8003BDCF0 /* spec_localProjectTests.m in Sources */,
			);
			runOnlyForDeploymentPostprocessing = 0;
		};
		C0569D4320D501E8003BDCF0 /* Sources */ = {
			isa = PBXSourcesBuildPhase;
			buildActionMask = 2147483647;
			files = (
				C0569D4C20D501E8003BDCF0 /* spec_localProjectUITests.m in Sources */,
			);
			runOnlyForDeploymentPostprocessing = 0;
		};
/* End PBXSourcesBuildPhase section */

/* Begin PBXTargetDependency section */
		C0569D3E20D501E8003BDCF0 /* PBXTargetDependency */ = {
			isa = PBXTargetDependency;
			target = C0569D2320D501E8003BDCF0 /* spec_localProject */;
			targetProxy = C0569D3D20D501E8003BDCF0 /* PBXContainerItemProxy */;
		};
		C0569D4920D501E8003BDCF0 /* PBXTargetDependency */ = {
			isa = PBXTargetDependency;
			target = C0569D2320D501E8003BDCF0 /* spec_localProject */;
			targetProxy = C0569D4820D501E8003BDCF0 /* PBXContainerItemProxy */;
		};
/* End PBXTargetDependency section */

/* Begin PBXVariantGroup section */
		C0569D2D20D501E8003BDCF0 /* Main.storyboard */ = {
			isa = PBXVariantGroup;
			children = (
				C0569D2E20D501E8003BDCF0 /* Base */,
			);
			name = Main.storyboard;
			sourceTree = "<group>";
		};
		C0569D3220D501E8003BDCF0 /* LaunchScreen.storyboard */ = {
			isa = PBXVariantGroup;
			children = (
				C0569D3320D501E8003BDCF0 /* Base */,
			);
			name = LaunchScreen.storyboard;
			sourceTree = "<group>";
		};
/* End PBXVariantGroup section */

/* Begin XCBuildConfiguration section */
		C0569D4E20D501E8003BDCF0 /* Debug */ = {
			isa = XCBuildConfiguration;
			buildSettings = {
				ALWAYS_SEARCH_USER_PATHS = NO;
				CLANG_ANALYZER_NONNULL = YES;
				CLANG_ANALYZER_NUMBER_OBJECT_CONVERSION = YES_AGGRESSIVE;
				CLANG_CXX_LANGUAGE_STANDARD = "gnu++14";
				CLANG_CXX_LIBRARY = "libc++";
				CLANG_ENABLE_MODULES = YES;
				CLANG_ENABLE_OBJC_ARC = YES;
				CLANG_WARN_BLOCK_CAPTURE_AUTORELEASING = YES;
				CLANG_WARN_BOOL_CONVERSION = YES;
				CLANG_WARN_COMMA = YES;
				CLANG_WARN_CONSTANT_CONVERSION = YES;
				CLANG_WARN_DIRECT_OBJC_ISA_USAGE = YES_ERROR;
				CLANG_WARN_DOCUMENTATION_COMMENTS = YES;
				CLANG_WARN_EMPTY_BODY = YES;
				CLANG_WARN_ENUM_CONVERSION = YES;
				CLANG_WARN_INFINITE_RECURSION = YES;
				CLANG_WARN_INT_CONVERSION = YES;
				CLANG_WARN_NON_LITERAL_NULL_CONVERSION = YES;
				CLANG_WARN_OBJC_LITERAL_CONVERSION = YES;
				CLANG_WARN_OBJC_ROOT_CLASS = YES_ERROR;
				CLANG_WARN_RANGE_LOOP_ANALYSIS = YES;
				CLANG_WARN_STRICT_PROTOTYPES = YES;
				CLANG_WARN_SUSPICIOUS_MOVE = YES;
				CLANG_WARN_UNGUARDED_AVAILABILITY = YES_AGGRESSIVE;
				CLANG_WARN_UNREACHABLE_CODE = YES;
				CLANG_WARN__DUPLICATE_METHOD_MATCH = YES;
				CODE_SIGN_IDENTITY = "iPhone Developer";
				COPY_PHASE_STRIP = NO;
				DEBUG_INFORMATION_FORMAT = dwarf;
				ENABLE_STRICT_OBJC_MSGSEND = YES;
				ENABLE_TESTABILITY = YES;
				GCC_C_LANGUAGE_STANDARD = gnu11;
				GCC_DYNAMIC_NO_PIC = NO;
				GCC_NO_COMMON_BLOCKS = YES;
				GCC_OPTIMIZATION_LEVEL = 0;
				GCC_PREPROCESSOR_DEFINITIONS = (
					"DEBUG=1",
					"$(inherited)",
				);
				GCC_WARN_64_TO_32_BIT_CONVERSION = YES;
				GCC_WARN_ABOUT_RETURN_TYPE = YES_ERROR;
				GCC_WARN_UNDECLARED_SELECTOR = YES;
				GCC_WARN_UNINITIALIZED_AUTOS = YES_AGGRESSIVE;
				GCC_WARN_UNUSED_FUNCTION = YES;
				GCC_WARN_UNUSED_VARIABLE = YES;
				IPHONEOS_DEPLOYMENT_TARGET = 11.2;
				MTL_ENABLE_DEBUG_INFO = YES;
				ONLY_ACTIVE_ARCH = YES;
				SDKROOT = iphoneos;
			};
			name = Debug;
		};
		C0569D4F20D501E8003BDCF0 /* Release */ = {
			isa = XCBuildConfiguration;
			buildSettings = {
				ALWAYS_SEARCH_USER_PATHS = NO;
				CLANG_ANALYZER_NONNULL = YES;
				CLANG_ANALYZER_NUMBER_OBJECT_CONVERSION = YES_AGGRESSIVE;
				CLANG_CXX_LANGUAGE_STANDARD = "gnu++14";
				CLANG_CXX_LIBRARY = "libc++";
				CLANG_ENABLE_MODULES = YES;
				CLANG_ENABLE_OBJC_ARC = YES;
				CLANG_WARN_BLOCK_CAPTURE_AUTORELEASING = YES;
				CLANG_WARN_BOOL_CONVERSION = YES;
				CLANG_WARN_COMMA = YES;
				CLANG_WARN_CONSTANT_CONVERSION = YES;
				CLANG_WARN_DIRECT_OBJC_ISA_USAGE = YES_ERROR;
				CLANG_WARN_DOCUMENTATION_COMMENTS = YES;
				CLANG_WARN_EMPTY_BODY = YES;
				CLANG_WARN_ENUM_CONVERSION = YES;
				CLANG_WARN_INFINITE_RECURSION = YES;
				CLANG_WARN_INT_CONVERSION = YES;
				CLANG_WARN_NON_LITERAL_NULL_CONVERSION = YES;
				CLANG_WARN_OBJC_LITERAL_CONVERSION = YES;
				CLANG_WARN_OBJC_ROOT_CLASS = YES_ERROR;
				CLANG_WARN_RANGE_LOOP_ANALYSIS = YES;
				CLANG_WARN_STRICT_PROTOTYPES = YES;
				CLANG_WARN_SUSPICIOUS_MOVE = YES;
				CLANG_WARN_UNGUARDED_AVAILABILITY = YES_AGGRESSIVE;
				CLANG_WARN_UNREACHABLE_CODE = YES;
				CLANG_WARN__DUPLICATE_METHOD_MATCH = YES;
				CODE_SIGN_IDENTITY = "iPhone Developer";
				COPY_PHASE_STRIP = NO;
				DEBUG_INFORMATION_FORMAT = "dwarf-with-dsym";
				ENABLE_NS_ASSERTIONS = NO;
				ENABLE_STRICT_OBJC_MSGSEND = YES;
				GCC_C_LANGUAGE_STANDARD = gnu11;
				GCC_NO_COMMON_BLOCKS = YES;
				GCC_WARN_64_TO_32_BIT_CONVERSION = YES;
				GCC_WARN_ABOUT_RETURN_TYPE = YES_ERROR;
				GCC_WARN_UNDECLARED_SELECTOR = YES;
				GCC_WARN_UNINITIALIZED_AUTOS = YES_AGGRESSIVE;
				GCC_WARN_UNUSED_FUNCTION = YES;
				GCC_WARN_UNUSED_VARIABLE = YES;
				IPHONEOS_DEPLOYMENT_TARGET = 11.2;
				MTL_ENABLE_DEBUG_INFO = NO;
				SDKROOT = iphoneos;
				VALIDATE_PRODUCT = YES;
			};
			name = Release;
		};
		C0569D5120D501E8003BDCF0 /* Debug */ = {
			isa = XCBuildConfiguration;
			baseConfigurationReference = FEB47D5885EDEC15DEEFDBBD /* Pods-spec_localProject.debug.xcconfig */;
			buildSettings = {
				ASSETCATALOG_COMPILER_APPICON_NAME = AppIcon;
				CLANG_CXX_LANGUAGE_STANDARD = "compiler-default";
				CLANG_CXX_LIBRARY = "compiler-default";
				CODE_SIGN_STYLE = Automatic;
				DEVELOPMENT_TEAM = NFW829A9F4;
				GCC_INPUT_FILETYPE = sourcecode.cpp.objcpp;
				GCC_PRECOMPILE_PREFIX_HEADER = YES;
				GCC_PREFIX_HEADER = spec_localProject/PrefixHeader.pch;
				INFOPLIST_FILE = spec_localProject/Info.plist;
				LD_RUNPATH_SEARCH_PATHS = "$(inherited) @executable_path/Frameworks";
				PRODUCT_BUNDLE_IDENTIFIER = "fun.blackgold.spec-localProject";
				PRODUCT_NAME = "$(TARGET_NAME)";
				TARGETED_DEVICE_FAMILY = "1,2";
			};
			name = Debug;
		};
		C0569D5220D501E8003BDCF0 /* Release */ = {
			isa = XCBuildConfiguration;
			baseConfigurationReference = F36132919D7EEE3B4F3057CD /* Pods-spec_localProject.release.xcconfig */;
			buildSettings = {
				ASSETCATALOG_COMPILER_APPICON_NAME = AppIcon;
				CLANG_CXX_LANGUAGE_STANDARD = "compiler-default";
				CLANG_CXX_LIBRARY = "compiler-default";
				CODE_SIGN_STYLE = Automatic;
				DEVELOPMENT_TEAM = NFW829A9F4;
				GCC_INPUT_FILETYPE = sourcecode.cpp.objcpp;
				GCC_PRECOMPILE_PREFIX_HEADER = YES;
				GCC_PREFIX_HEADER = spec_localProject/PrefixHeader.pch;
				INFOPLIST_FILE = spec_localProject/Info.plist;
				LD_RUNPATH_SEARCH_PATHS = "$(inherited) @executable_path/Frameworks";
				PRODUCT_BUNDLE_IDENTIFIER = "fun.blackgold.spec-localProject";
				PRODUCT_NAME = "$(TARGET_NAME)";
				TARGETED_DEVICE_FAMILY = "1,2";
			};
			name = Release;
		};
		C0569D5420D501E8003BDCF0 /* Debug */ = {
			isa = XCBuildConfiguration;
			buildSettings = {
				BUNDLE_LOADER = "$(TEST_HOST)";
				CODE_SIGN_STYLE = Automatic;
				INFOPLIST_FILE = spec_localProjectTests/Info.plist;
				LD_RUNPATH_SEARCH_PATHS = "$(inherited) @executable_path/Frameworks @loader_path/Frameworks";
				PRODUCT_BUNDLE_IDENTIFIER = "fun.blackgold.spec-localProjectTests";
				PRODUCT_NAME = "$(TARGET_NAME)";
				TARGETED_DEVICE_FAMILY = "1,2";
				TEST_HOST = "$(BUILT_PRODUCTS_DIR)/spec_localProject.app/spec_localProject";
			};
			name = Debug;
		};
		C0569D5520D501E8003BDCF0 /* Release */ = {
			isa = XCBuildConfiguration;
			buildSettings = {
				BUNDLE_LOADER = "$(TEST_HOST)";
				CODE_SIGN_STYLE = Automatic;
				INFOPLIST_FILE = spec_localProjectTests/Info.plist;
				LD_RUNPATH_SEARCH_PATHS = "$(inherited) @executable_path/Frameworks @loader_path/Frameworks";
				PRODUCT_BUNDLE_IDENTIFIER = "fun.blackgold.spec-localProjectTests";
				PRODUCT_NAME = "$(TARGET_NAME)";
				TARGETED_DEVICE_FAMILY = "1,2";
				TEST_HOST = "$(BUILT_PRODUCTS_DIR)/spec_localProject.app/spec_localProject";
			};
			name = Release;
		};
		C0569D5720D501E8003BDCF0 /* Debug */ = {
			isa = XCBuildConfiguration;
			buildSettings = {
				CODE_SIGN_STYLE = Automatic;
				INFOPLIST_FILE = spec_localProjectUITests/Info.plist;
				LD_RUNPATH_SEARCH_PATHS = "$(inherited) @executable_path/Frameworks @loader_path/Frameworks";
				PRODUCT_BUNDLE_IDENTIFIER = "fun.blackgold.spec-localProjectUITests";
				PRODUCT_NAME = "$(TARGET_NAME)";
				TARGETED_DEVICE_FAMILY = "1,2";
				TEST_TARGET_NAME = spec_localProject;
			};
			name = Debug;
		};
		C0569D5820D501E8003BDCF0 /* Release */ = {
			isa = XCBuildConfiguration;
			buildSettings = {
				CODE_SIGN_STYLE = Automatic;
				INFOPLIST_FILE = spec_localProjectUITests/Info.plist;
				LD_RUNPATH_SEARCH_PATHS = "$(inherited) @executable_path/Frameworks @loader_path/Frameworks";
				PRODUCT_BUNDLE_IDENTIFIER = "fun.blackgold.spec-localProjectUITests";
				PRODUCT_NAME = "$(TARGET_NAME)";
				TARGETED_DEVICE_FAMILY = "1,2";
				TEST_TARGET_NAME = spec_localProject;
			};
			name = Release;
		};
/* End XCBuildConfiguration section */

/* Begin XCConfigurationList section */
		C0569D1F20D501E8003BDCF0 /* Build configuration list for PBXProject "spec_localProject" */ = {
			isa = XCConfigurationList;
			buildConfigurations = (
				C0569D4E20D501E8003BDCF0 /* Debug */,
				C0569D4F20D501E8003BDCF0 /* Release */,
			);
			defaultConfigurationIsVisible = 0;
			defaultConfigurationName = Release;
		};
		C0569D5020D501E8003BDCF0 /* Build configuration list for PBXNativeTarget "spec_localProject" */ = {
			isa = XCConfigurationList;
			buildConfigurations = (
				C0569D5120D501E8003BDCF0 /* Debug */,
				C0569D5220D501E8003BDCF0 /* Release */,
			);
			defaultConfigurationIsVisible = 0;
			defaultConfigurationName = Release;
		};
		C0569D5320D501E8003BDCF0 /* Build configuration list for PBXNativeTarget "spec_localProjectTests" */ = {
			isa = XCConfigurationList;
			buildConfigurations = (
				C0569D5420D501E8003BDCF0 /* Debug */,
				C0569D5520D501E8003BDCF0 /* Release */,
			);
			defaultConfigurationIsVisible = 0;
			defaultConfigurationName = Release;
		};
		C0569D5620D501E8003BDCF0 /* Build configuration list for PBXNativeTarget "spec_localProjectUITests" */ = {
			isa = XCConfigurationList;
			buildConfigurations = (
				C0569D5720D501E8003BDCF0 /* Debug */,
				C0569D5820D501E8003BDCF0 /* Release */,
			);
			defaultConfigurationIsVisible = 0;
			defaultConfigurationName = Release;
		};
/* End XCConfigurationList section */
	};
	rootObject = C0569D1C20D501E8003BDCF0 /* Project object */;
}
