PODS:
  - AFNetworking (3.1.0):
    - AFNetworking/NSURLSession (= 3.1.0)
    - AFNetworking/Reachability (= 3.1.0)
    - AFNetworking/Security (= 3.1.0)
    - AFNetworking/Serialization (= 3.1.0)
    - AFNetworking/UIKit (= 3.1.0)
  - AFNetworking/NSURLSession (3.1.0):
    - AFNetworking/Reachability
    - AFNetworking/Security
    - AFNetworking/Serialization
  - AFNetworking/Reachability (3.1.0)
  - AFNetworking/Security (3.1.0)
  - AFNetworking/Serialization (3.1.0)
  - AFNetworking/UIKit (3.1.0):
    - AFNetworking/NSURLSession
  - BeautyKit (1.1.0):
    - BeautyKit/Category (= 1.1.0)
    - BeautyKit/Macros (= 1.1.0)
    - BeautyKit/SubClass (= 1.1.0)
  - BeautyKit/Category (1.1.0):
    - BeautyKit/Category/Foundation (= 1.1.0)
    - BeautyKit/Category/UIKit (= 1.1.0)
  - BeautyKit/Category/Foundation (1.1.0)
  - BeautyKit/Category/UIKit (1.1.0):
    - BeautyKit/Category/Foundation
  - BeautyKit/Macros (1.1.0)
  - BeautyKit/SubClass (1.1.0)
  - BGAlertView (0.0.2):
    - BeautyKit (~> 1.1.0)
    - Masonry (~> 1.1.0)
  - BGNetwork (0.0.1):
    - AFNetworking (~> 3.1.0)
  - FDFullscreenPopGesture (1.1)
  - Masonry (1.1.0)
  - ReactiveObjC (3.1.0)
  - SDWebImage (4.4.1):
    - SDWebImage/Core (= 4.4.1)
  - SDWebImage/Core (4.4.1)
  - YYCategories (1.0.4):
    - YYCategories/no-arc (= 1.0.4)
  - YYCategories/no-arc (1.0.4)

DEPENDENCIES:
  - BGAlertView (~> 0.0.2)
  - BGNetwork (~> 0.0.1)
  - FDFullscreenPopGesture
  - ReactiveObjC
  - SDWebImage
  - YYCategories

SPEC CHECKSUMS:
  AFNetworking: 5e0e199f73d8626b11e79750991f5d173d1f8b67
  BeautyKit: 4d5a0d143498cde7930e0be403bb677063fb4871
  BGAlertView: cbfb49b127311368ce4e8c460336571debbe3361
  BGNetwork: 448b76f6320d540522f9e5712b65932337aaf6d5
  FDFullscreenPopGesture: a8a620179e3d9c40e8e00256dcee1c1a27c6d0f0
  Masonry: 678fab65091a9290e40e2832a55e7ab731aad201
  ReactiveObjC: 2a38ea15335de4119d8b17caf1db1484f61db902
  SDWebImage: 47e9b5b925cbce75946c23f0c42dd19464189af4
  YYCategories: 6bcd4314c6661a561410dce4a793379ebd306abd

PODFILE CHECKSUM: 204b63a643538f5d4b03cdc609fe5620c588ea91

COCOAPODS: 1.3.1
